// !$*UTF8*$!
{
	archiveVersion = 1;
	classes = {
	};
	objectVersion = 46;
	objects = {

/* Begin PBXBuildFile section */
		77666BE91BFB025B00D2B9F1 /* Exercoses16-8.m in Sources */ = {isa = PBXBuildFile; fileRef = 77666BE81BFB025B00D2B9F1 /* Exercoses16-8.m */; };
		777AF1B51BEDDCE100D3D7C9 /* AddressBook.m in Sources */ = {isa = PBXBuildFile; fileRef = 777AF1B41BEDDCE100D3D7C9 /* AddressBook.m */; };
		779075601BE919880014AFD7 /* Data.m in Sources */ = {isa = PBXBuildFile; fileRef = 7790755F1BE919880014AFD7 /* Data.m */; };
		77B3A5BE1BDCEADF003E8B60 /* Fraction+MathOps.m in Sources */ = {isa = PBXBuildFile; fileRef = 77B3A5BD1BDCEADF003E8B60 /* Fraction+MathOps.m */; };
		77B3A5C71BDFD938003E8B60 /* Fraction+Comparison.m in Sources */ = {isa = PBXBuildFile; fileRef = 77B3A5C61BDFD938003E8B60 /* Fraction+Comparison.m */; };
		77B3A5CC1BDFEBC7003E8B60 /* Calculator.m in Sources */ = {isa = PBXBuildFile; fileRef = 77B3A5CB1BDFEBC7003E8B60 /* Calculator.m */; };
		77B3A5D11BDFFEC8003E8B60 /* Calculator+Trig.m in Sources */ = {isa = PBXBuildFile; fileRef = 77B3A5D01BDFFEC8003E8B60 /* Calculator+Trig.m */; };
		77B3A5D41BE0015F003E8B60 /* Square.m in Sources */ = {isa = PBXBuildFile; fileRef = 77B3A5D31BE0015F003E8B60 /* Square.m */; };
		77C74A741BD23124006403E5 /* Complex.m in Sources */ = {isa = PBXBuildFile; fileRef = 77C74A731BD23124006403E5 /* Complex.m */; };
		77C74A7B1BD2A65C006403E5 /* Fraction.m in Sources */ = {isa = PBXBuildFile; fileRef = 77C74A7A1BD2A65C006403E5 /* Fraction.m */; };
		77C74A801BD6296A006403E5 /* Rectangle.m in Sources */ = {isa = PBXBuildFile; fileRef = 77901CBC1BCA8EC900E50CA2 /* Rectangle.m */; };
		77C74A821BD62979006403E5 /* GraphicObject.m in Sources */ = {isa = PBXBuildFile; fileRef = 77C74A5F1BCE4B42006403E5 /* GraphicObject.m */; };
		77C74A831BD6297E006403E5 /* XYPoint.m in Sources */ = {isa = PBXBuildFile; fileRef = 779C3FD31BCAB5F80004BCC0 /* XYPoint.m */; };
		77DACFB01BECA19700468153 /* AddressCard.m in Sources */ = {isa = PBXBuildFile; fileRef = 77DACFAF1BECA19700468153 /* AddressCard.m */; };
		77E2B6851BF47F380056E960 /* Song.m in Sources */ = {isa = PBXBuildFile; fileRef = 77E2B6841BF47F380056E960 /* Song.m */; };
		77E2B6881BF480FA0056E960 /* Playlist.m in Sources */ = {isa = PBXBuildFile; fileRef = 77E2B6871BF480FA0056E960 /* Playlist.m */; };
		77E2B68B1BF481880056E960 /* MusicCollection.m in Sources */ = {isa = PBXBuildFile; fileRef = 77E2B68A1BF481880056E960 /* MusicCollection.m */; };
/* End PBXBuildFile section */

/* Begin PBXCopyFilesBuildPhase section */
		77E827991BC65F3C005C1B2E /* CopyFiles */ = {
			isa = PBXCopyFilesBuildPhase;
			buildActionMask = 2147483647;
			dstPath = /usr/share/man/man1/;
			dstSubfolderSpec = 0;
			files = (
			);
			runOnlyForDeploymentPostprocessing = 1;
		};
/* End PBXCopyFilesBuildPhase section */

/* Begin PBXFileReference section */
		77058C821BF658F100DD1F27 /* Program16-4.m */ = {isa = PBXFileReference; fileEncoding = 4; lastKnownFileType = sourcecode.c.objc; name = "Program16-4.m"; path = "chapter16/Program16-4.m"; sourceTree = "<group>"; };
		773837D61BE212ED002D2B84 /* Program13-1.m */ = {isa = PBXFileReference; fileEncoding = 4; lastKnownFileType = sourcecode.c.objc; name = "Program13-1.m"; path = "chapter13/Program13-1.m"; sourceTree = "<group>"; };
		773837D91BE22F90002D2B84 /* Program13-2.m */ = {isa = PBXFileReference; fileEncoding = 4; lastKnownFileType = sourcecode.c.objc; name = "Program13-2.m"; path = "chapter13/Program13-2.m"; sourceTree = "<group>"; };
		773837DB1BE26628002D2B84 /* Program13-3.m */ = {isa = PBXFileReference; fileEncoding = 4; lastKnownFileType = sourcecode.c.objc; name = "Program13-3.m"; path = "chapter13/Program13-3.m"; sourceTree = "<group>"; };
		773837DD1BE266EC002D2B84 /* Program13-4.m */ = {isa = PBXFileReference; fileEncoding = 4; lastKnownFileType = sourcecode.c.objc; name = "Program13-4.m"; path = "chapter13/Program13-4.m"; sourceTree = "<group>"; };
		773837DF1BE283C5002D2B84 /* Program13-5.m */ = {isa = PBXFileReference; fileEncoding = 4; lastKnownFileType = sourcecode.c.objc; name = "Program13-5.m"; path = "chapter13/Program13-5.m"; sourceTree = "<group>"; };
		773837E11BE340EC002D2B84 /* Program13-6.m */ = {isa = PBXFileReference; fileEncoding = 4; lastKnownFileType = sourcecode.c.objc; name = "Program13-6.m"; path = "chapter13/Program13-6.m"; sourceTree = "<group>"; };
		773837E31BE3450B002D2B84 /* Program13-7.m */ = {isa = PBXFileReference; fileEncoding = 4; lastKnownFileType = sourcecode.c.objc; name = "Program13-7.m"; path = "chapter13/Program13-7.m"; sourceTree = "<group>"; };
		773837E51BE34927002D2B84 /* Program13-8.m */ = {isa = PBXFileReference; fileEncoding = 4; lastKnownFileType = sourcecode.c.objc; name = "Program13-8.m"; path = "chapter13/Program13-8.m"; sourceTree = "<group>"; };
		773837E71BE34A9E002D2B84 /* Program13-9.m */ = {isa = PBXFileReference; fileEncoding = 4; lastKnownFileType = sourcecode.c.objc; name = "Program13-9.m"; path = "chapter13/Program13-9.m"; sourceTree = "<group>"; };
		773837EA1BE355EB002D2B84 /* Program13-10.m */ = {isa = PBXFileReference; fileEncoding = 4; lastKnownFileType = sourcecode.c.objc; name = "Program13-10.m"; path = "chapter13/Program13-10.m"; sourceTree = "<group>"; };
		773837EC1BE372A3002D2B84 /* Program13-11.m */ = {isa = PBXFileReference; fileEncoding = 4; lastKnownFileType = sourcecode.c.objc; name = "Program13-11.m"; path = "chapter13/Program13-11.m"; sourceTree = "<group>"; };
		773837EE1BE37957002D2B84 /* Program13-12.m */ = {isa = PBXFileReference; fileEncoding = 4; lastKnownFileType = sourcecode.c.objc; name = "Program13-12.m"; path = "chapter13/Program13-12.m"; sourceTree = "<group>"; };
		773837F01BE380C0002D2B84 /* Program13-13.m */ = {isa = PBXFileReference; fileEncoding = 4; lastKnownFileType = sourcecode.c.objc; name = "Program13-13.m"; path = "chapter13/Program13-13.m"; sourceTree = "<group>"; };
		773837F21BE385E7002D2B84 /* Program13-14.m */ = {isa = PBXFileReference; fileEncoding = 4; lastKnownFileType = sourcecode.c.objc; name = "Program13-14.m"; path = "chapter13/Program13-14.m"; sourceTree = "<group>"; };
		773837F41BE38B4C002D2B84 /* Program13-15.m */ = {isa = PBXFileReference; fileEncoding = 4; lastKnownFileType = sourcecode.c.objc; name = "Program13-15.m"; path = "chapter13/Program13-15.m"; sourceTree = "<group>"; };
		773837F61BE39B00002D2B84 /* Program13-16.m */ = {isa = PBXFileReference; fileEncoding = 4; lastKnownFileType = sourcecode.c.objc; name = "Program13-16.m"; path = "chapter13/Program13-16.m"; sourceTree = "<group>"; };
		773837F81BE3A30B002D2B84 /* Program13-17.m */ = {isa = PBXFileReference; fileEncoding = 4; lastKnownFileType = sourcecode.c.objc; name = "Program13-17.m"; path = "chapter13/Program13-17.m"; sourceTree = "<group>"; };
		7755F41A1BE8533C001844E9 /* Exercises13-1.m */ = {isa = PBXFileReference; fileEncoding = 4; lastKnownFileType = sourcecode.c.objc; name = "Exercises13-1.m"; path = "chapter13/Exercises13-1.m"; sourceTree = "<group>"; };
		7759C5E91BF78066008AADEC /* Program16-5.m */ = {isa = PBXFileReference; fileEncoding = 4; lastKnownFileType = sourcecode.c.objc; name = "Program16-5.m"; path = "chapter16/Program16-5.m"; sourceTree = "<group>"; };
		7759C5EB1BF7A107008AADEC /* Program16-6.m */ = {isa = PBXFileReference; fileEncoding = 4; lastKnownFileType = sourcecode.c.objc; name = "Program16-6.m"; path = "chapter16/Program16-6.m"; sourceTree = "<group>"; };
		77666BD41BF9CFB000D2B9F1 /* Program16-7.m */ = {isa = PBXFileReference; fileEncoding = 4; lastKnownFileType = sourcecode.c.objc; name = "Program16-7.m"; path = "chapter16/Program16-7.m"; sourceTree = "<group>"; };
		77666BD61BF9F6BD00D2B9F1 /* Program16-8.m */ = {isa = PBXFileReference; fileEncoding = 4; lastKnownFileType = sourcecode.c.objc; name = "Program16-8.m"; path = "chapter16/Program16-8.m"; sourceTree = "<group>"; };
		77666BD81BFA4E3600D2B9F1 /* Program16-9.m */ = {isa = PBXFileReference; fileEncoding = 4; lastKnownFileType = sourcecode.c.objc; name = "Program16-9.m"; path = "chapter16/Program16-9.m"; sourceTree = "<group>"; };
		77666BDA1BFA512E00D2B9F1 /* Exericises16-1.m */ = {isa = PBXFileReference; fileEncoding = 4; lastKnownFileType = sourcecode.c.objc; name = "Exericises16-1.m"; path = "chapter16/Exericises16-1.m"; sourceTree = "<group>"; };
		77666BDC1BFA617000D2B9F1 /* Exericises16-2.m */ = {isa = PBXFileReference; fileEncoding = 4; lastKnownFileType = sourcecode.c.objc; name = "Exericises16-2.m"; path = "chapter16/Exericises16-2.m"; sourceTree = "<group>"; };
		77666BDE1BFAF44900D2B9F1 /* Exericises16-3.m */ = {isa = PBXFileReference; fileEncoding = 4; lastKnownFileType = sourcecode.c.objc; name = "Exericises16-3.m"; path = "chapter16/Exericises16-3.m"; sourceTree = "<group>"; };
		77666BE01BFAF9B300D2B9F1 /* Exericises16-4.m */ = {isa = PBXFileReference; fileEncoding = 4; lastKnownFileType = sourcecode.c.objc; name = "Exericises16-4.m"; path = "chapter16/Exericises16-4.m"; sourceTree = "<group>"; };
		77666BE21BFAFA6A00D2B9F1 /* Exerocoses16-5.m */ = {isa = PBXFileReference; fileEncoding = 4; lastKnownFileType = sourcecode.c.objc; name = "Exerocoses16-5.m"; path = "chapter16/Exerocoses16-5.m"; sourceTree = "<group>"; };
		77666BE41BFAFE5B00D2B9F1 /* Exercises16-6.m */ = {isa = PBXFileReference; fileEncoding = 4; lastKnownFileType = sourcecode.c.objc; name = "Exercises16-6.m"; path = "chapter16/Exercises16-6.m"; sourceTree = "<group>"; };
		77666BE61BFAFFB600D2B9F1 /* Exericises16-7.m */ = {isa = PBXFileReference; fileEncoding = 4; lastKnownFileType = sourcecode.c.objc; name = "Exericises16-7.m"; path = "chapter16/Exericises16-7.m"; sourceTree = "<group>"; };
		77666BE81BFB025B00D2B9F1 /* Exercoses16-8.m */ = {isa = PBXFileReference; fileEncoding = 4; lastKnownFileType = sourcecode.c.objc; name = "Exercoses16-8.m"; path = "chapter16/Exercoses16-8.m"; sourceTree = "<group>"; };
		776DF2EC1BE8F4EC0083387E /* Exercises13-3.m */ = {isa = PBXFileReference; fileEncoding = 4; lastKnownFileType = sourcecode.c.objc; name = "Exercises13-3.m"; path = "chapter13/Exercises13-3.m"; sourceTree = "<group>"; };
		777AF1AF1BEDD03A00D3D7C9 /* Program15-10.m */ = {isa = PBXFileReference; fileEncoding = 4; lastKnownFileType = sourcecode.c.objc; name = "Program15-10.m"; path = "chapter15/Program15-10.m"; sourceTree = "<group>"; };
		777AF1B11BEDDAFA00D3D7C9 /* Program15-11.m */ = {isa = PBXFileReference; fileEncoding = 4; lastKnownFileType = sourcecode.c.objc; name = "Program15-11.m"; path = "chapter15/Program15-11.m"; sourceTree = "<group>"; };
		777AF1B31BEDDCE100D3D7C9 /* AddressBook.h */ = {isa = PBXFileReference; fileEncoding = 4; lastKnownFileType = sourcecode.c.h; name = AddressBook.h; path = chapter15/AddressBook.h; sourceTree = "<group>"; };
		777AF1B41BEDDCE100D3D7C9 /* AddressBook.m */ = {isa = PBXFileReference; fileEncoding = 4; lastKnownFileType = sourcecode.c.objc; name = AddressBook.m; path = chapter15/AddressBook.m; sourceTree = "<group>"; };
		777AF1B61BF081DE00D3D7C9 /* Program15-12.m */ = {isa = PBXFileReference; fileEncoding = 4; lastKnownFileType = sourcecode.c.objc; name = "Program15-12.m"; path = "chapter15/Program15-12.m"; sourceTree = "<group>"; };
		77901CB61BC95E6800E50CA2 /* test7-6.m */ = {isa = PBXFileReference; fileEncoding = 4; lastKnownFileType = sourcecode.c.objc; name = "test7-6.m"; path = "chapter7/test7-6.m"; sourceTree = "<group>"; };
		77901CB81BC9664B00E50CA2 /* codeList8-1.m */ = {isa = PBXFileReference; fileEncoding = 4; lastKnownFileType = sourcecode.c.objc; name = "codeList8-1.m"; path = "chapter8/codeList8-1.m"; sourceTree = "<group>"; };
		77901CBB1BCA8EC900E50CA2 /* Rectangle.h */ = {isa = PBXFileReference; fileEncoding = 4; lastKnownFileType = sourcecode.c.h; name = Rectangle.h; path = chapter8/Rectangle.h; sourceTree = "<group>"; };
		77901CBC1BCA8EC900E50CA2 /* Rectangle.m */ = {isa = PBXFileReference; fileEncoding = 4; lastKnownFileType = sourcecode.c.objc; name = Rectangle.m; path = chapter8/Rectangle.m; sourceTree = "<group>"; };
		77901CBE1BCA959600E50CA2 /* codeList8-2.m */ = {isa = PBXFileReference; fileEncoding = 4; lastKnownFileType = sourcecode.c.objc; name = "codeList8-2.m"; path = "chapter8/codeList8-2.m"; sourceTree = "<group>"; };
		7790755A1BE90D070014AFD7 /* Exercises13-4.m */ = {isa = PBXFileReference; fileEncoding = 4; lastKnownFileType = sourcecode.c.objc; name = "Exercises13-4.m"; path = "chapter13/Exercises13-4.m"; sourceTree = "<group>"; };
		7790755C1BE917D40014AFD7 /* Exericises13-5.m */ = {isa = PBXFileReference; fileEncoding = 4; lastKnownFileType = sourcecode.c.objc; name = "Exericises13-5.m"; path = "chapter13/Exericises13-5.m"; sourceTree = "<group>"; };
		7790755E1BE919880014AFD7 /* Data.h */ = {isa = PBXFileReference; fileEncoding = 4; lastKnownFileType = sourcecode.c.h; path = Data.h; sourceTree = "<group>"; };
		7790755F1BE919880014AFD7 /* Data.m */ = {isa = PBXFileReference; fileEncoding = 4; lastKnownFileType = sourcecode.c.objc; path = Data.m; sourceTree = "<group>"; };
		779075611BE91A0F0014AFD7 /* Exericises13-6.m */ = {isa = PBXFileReference; fileEncoding = 4; lastKnownFileType = sourcecode.c.objc; name = "Exericises13-6.m"; path = "chapter13/Exericises13-6.m"; sourceTree = "<group>"; };
		779C3FCD1BCAA5390004BCC0 /* Square.h */ = {isa = PBXFileReference; fileEncoding = 4; lastKnownFileType = sourcecode.c.h; name = Square.h; path = chapter8/Square.h; sourceTree = "<group>"; };
		779C3FCE1BCAA5390004BCC0 /* Square.m */ = {isa = PBXFileReference; fileEncoding = 4; lastKnownFileType = sourcecode.c.objc; name = Square.m; path = chapter8/Square.m; sourceTree = "<group>"; };
		779C3FD01BCAAB910004BCC0 /* codeList8-3.m */ = {isa = PBXFileReference; fileEncoding = 4; lastKnownFileType = sourcecode.c.objc; name = "codeList8-3.m"; path = "chapter8/codeList8-3.m"; sourceTree = "<group>"; };
		779C3FD21BCAB5F80004BCC0 /* XYPoint.h */ = {isa = PBXFileReference; fileEncoding = 4; lastKnownFileType = sourcecode.c.h; name = XYPoint.h; path = chapter8/XYPoint.h; sourceTree = "<group>"; };
		779C3FD31BCAB5F80004BCC0 /* XYPoint.m */ = {isa = PBXFileReference; fileEncoding = 4; lastKnownFileType = sourcecode.c.objc; name = XYPoint.m; path = chapter8/XYPoint.m; sourceTree = "<group>"; };
		77B3A5AC1BD9E4B4003E8B60 /* Program10-2.m */ = {isa = PBXFileReference; fileEncoding = 4; lastKnownFileType = sourcecode.c.objc; name = "Program10-2.m"; path = "chapter10/Program10-2.m"; sourceTree = "<group>"; };
		77B3A5AE1BDA27A4003E8B60 /* Program10-3.m */ = {isa = PBXFileReference; fileEncoding = 4; lastKnownFileType = sourcecode.c.objc; name = "Program10-3.m"; path = "chapter10/Program10-3.m"; sourceTree = "<group>"; };
		77B3A5B01BDA6741003E8B60 /* Program10-4.m */ = {isa = PBXFileReference; fileEncoding = 4; lastKnownFileType = sourcecode.c.objc; name = "Program10-4.m"; path = "chapter10/Program10-4.m"; sourceTree = "<group>"; };
		77B3A5B21BDA95F2003E8B60 /* Exercises10-1.m */ = {isa = PBXFileReference; fileEncoding = 4; lastKnownFileType = sourcecode.c.objc; name = "Exercises10-1.m"; path = "chapter10/Exercises10-1.m"; sourceTree = "<group>"; };
		77B3A5B41BDAAD23003E8B60 /* Exercises10-3.m */ = {isa = PBXFileReference; fileEncoding = 4; lastKnownFileType = sourcecode.c.objc; name = "Exercises10-3.m"; path = "chapter10/Exercises10-3.m"; sourceTree = "<group>"; };
		77B3A5B81BDAB8C1003E8B60 /* Exercises10-4.m */ = {isa = PBXFileReference; fileEncoding = 4; lastKnownFileType = sourcecode.c.objc; name = "Exercises10-4.m"; path = "chapter10/Exercises10-4.m"; sourceTree = "<group>"; };
		77B3A5BA1BDB32D2003E8B60 /* Exercises10-5.m */ = {isa = PBXFileReference; fileEncoding = 4; lastKnownFileType = sourcecode.c.objc; name = "Exercises10-5.m"; path = "chapter10/Exercises10-5.m"; sourceTree = "<group>"; };
		77B3A5BC1BDCEADF003E8B60 /* Fraction+MathOps.h */ = {isa = PBXFileReference; fileEncoding = 4; lastKnownFileType = sourcecode.c.h; name = "Fraction+MathOps.h"; path = "chapter10/Fraction+MathOps.h"; sourceTree = "<group>"; };
		77B3A5BD1BDCEADF003E8B60 /* Fraction+MathOps.m */ = {isa = PBXFileReference; fileEncoding = 4; lastKnownFileType = sourcecode.c.objc; name = "Fraction+MathOps.m"; path = "chapter10/Fraction+MathOps.m"; sourceTree = "<group>"; };
		77B3A5C31BDF6AB3003E8B60 /* Program11.m */ = {isa = PBXFileReference; fileEncoding = 4; lastKnownFileType = sourcecode.c.objc; name = Program11.m; path = chapter11/Program11.m; sourceTree = "<group>"; };
		77B3A5C51BDFD938003E8B60 /* Fraction+Comparison.h */ = {isa = PBXFileReference; fileEncoding = 4; lastKnownFileType = sourcecode.c.h; path = "Fraction+Comparison.h"; sourceTree = "<group>"; };
		77B3A5C61BDFD938003E8B60 /* Fraction+Comparison.m */ = {isa = PBXFileReference; fileEncoding = 4; lastKnownFileType = sourcecode.c.objc; path = "Fraction+Comparison.m"; sourceTree = "<group>"; };
		77B3A5C81BDFEA8B003E8B60 /* Exericises11-3.m */ = {isa = PBXFileReference; fileEncoding = 4; lastKnownFileType = sourcecode.c.objc; name = "Exericises11-3.m"; path = "chapter11/Exericises11-3.m"; sourceTree = "<group>"; };
		77B3A5CA1BDFEBC7003E8B60 /* Calculator.h */ = {isa = PBXFileReference; fileEncoding = 4; lastKnownFileType = sourcecode.c.h; name = Calculator.h; path = chapter11/Calculator.h; sourceTree = "<group>"; };
		77B3A5CB1BDFEBC7003E8B60 /* Calculator.m */ = {isa = PBXFileReference; fileEncoding = 4; lastKnownFileType = sourcecode.c.objc; name = Calculator.m; path = chapter11/Calculator.m; sourceTree = "<group>"; };
		77B3A5CF1BDFFEC8003E8B60 /* Calculator+Trig.h */ = {isa = PBXFileReference; fileEncoding = 4; lastKnownFileType = sourcecode.c.h; name = "Calculator+Trig.h"; path = "chapter11/Calculator+Trig.h"; sourceTree = "<group>"; };
		77B3A5D01BDFFEC8003E8B60 /* Calculator+Trig.m */ = {isa = PBXFileReference; fileEncoding = 4; lastKnownFileType = sourcecode.c.objc; name = "Calculator+Trig.m"; path = "chapter11/Calculator+Trig.m"; sourceTree = "<group>"; };
		77B3A5D21BE0015F003E8B60 /* Square.h */ = {isa = PBXFileReference; fileEncoding = 4; lastKnownFileType = sourcecode.c.h; name = Square.h; path = chapter11/Square.h; sourceTree = "<group>"; };
		77B3A5D31BE0015F003E8B60 /* Square.m */ = {isa = PBXFileReference; fileEncoding = 4; lastKnownFileType = sourcecode.c.objc; name = Square.m; path = chapter11/Square.m; sourceTree = "<group>"; };
		77B3A5D61BE0BD08003E8B60 /* Exercises12-2.m */ = {isa = PBXFileReference; fileEncoding = 4; lastKnownFileType = sourcecode.c.objc; name = "Exercises12-2.m"; path = "chapter12/Exercises12-2.m"; sourceTree = "<group>"; };
		77C74A531BCBB115006403E5 /* codeList8-4.m */ = {isa = PBXFileReference; fileEncoding = 4; lastKnownFileType = sourcecode.c.objc; name = "codeList8-4.m"; path = "chapter8/codeList8-4.m"; sourceTree = "<group>"; };
		77C74A551BCBE4C9006403E5 /* codeList8-5.m */ = {isa = PBXFileReference; fileEncoding = 4; lastKnownFileType = sourcecode.c.objc; name = "codeList8-5.m"; path = "chapter8/codeList8-5.m"; sourceTree = "<group>"; };
		77C74A581BCCF174006403E5 /* codeList8-6.m */ = {isa = PBXFileReference; fileEncoding = 4; lastKnownFileType = sourcecode.c.objc; name = "codeList8-6.m"; path = "chapter8/codeList8-6.m"; sourceTree = "<group>"; };
		77C74A5A1BCCF61A006403E5 /* codeList8-7.m */ = {isa = PBXFileReference; fileEncoding = 4; lastKnownFileType = sourcecode.c.objc; name = "codeList8-7.m"; path = "chapter8/codeList8-7.m"; sourceTree = "<group>"; };
		77C74A5C1BCE3E22006403E5 /* test8-1.m */ = {isa = PBXFileReference; fileEncoding = 4; lastKnownFileType = sourcecode.c.objc; name = "test8-1.m"; path = "chapter8/test8-1.m"; sourceTree = "<group>"; };
		77C74A5E1BCE4B42006403E5 /* GraphicObject.h */ = {isa = PBXFileReference; fileEncoding = 4; lastKnownFileType = sourcecode.c.h; path = GraphicObject.h; sourceTree = "<group>"; };
		77C74A5F1BCE4B42006403E5 /* GraphicObject.m */ = {isa = PBXFileReference; fileEncoding = 4; lastKnownFileType = sourcecode.c.objc; path = GraphicObject.m; sourceTree = "<group>"; };
		77C74A611BCF88EE006403E5 /* test8-5.m */ = {isa = PBXFileReference; fileEncoding = 4; lastKnownFileType = sourcecode.c.objc; name = "test8-5.m"; path = "chapter8/test8-5.m"; sourceTree = "<group>"; };
		77C74A631BCF8AE5006403E5 /* Circle.h */ = {isa = PBXFileReference; fileEncoding = 4; lastKnownFileType = sourcecode.c.h; name = Circle.h; path = chapter8/Circle.h; sourceTree = "<group>"; };
		77C74A641BCF8AE5006403E5 /* Circle.m */ = {isa = PBXFileReference; fileEncoding = 4; lastKnownFileType = sourcecode.c.objc; name = Circle.m; path = chapter8/Circle.m; sourceTree = "<group>"; };
		77C74A661BCFF247006403E5 /* test8-0-1.m */ = {isa = PBXFileReference; fileEncoding = 4; lastKnownFileType = sourcecode.c.objc; name = "test8-0-1.m"; path = "chapter8/test8-0-1.m"; sourceTree = "<group>"; };
		77C74A691BD01271006403E5 /* Triangle.h */ = {isa = PBXFileReference; fileEncoding = 4; lastKnownFileType = sourcecode.c.h; name = Triangle.h; path = chapter8/Triangle.h; sourceTree = "<group>"; };
		77C74A6A1BD01271006403E5 /* Triangle.m */ = {isa = PBXFileReference; fileEncoding = 4; lastKnownFileType = sourcecode.c.objc; name = Triangle.m; path = chapter8/Triangle.m; sourceTree = "<group>"; };
		77C74A6C1BD026B0006403E5 /* test8-6.m */ = {isa = PBXFileReference; fileEncoding = 4; lastKnownFileType = sourcecode.c.objc; name = "test8-6.m"; path = "chapter8/test8-6.m"; sourceTree = "<group>"; };
		77C74A6E1BD02968006403E5 /* test8-7.m */ = {isa = PBXFileReference; fileEncoding = 4; lastKnownFileType = sourcecode.c.objc; name = "test8-7.m"; path = "chapter8/test8-7.m"; sourceTree = "<group>"; };
		77C74A701BD02F86006403E5 /* test8-8.m */ = {isa = PBXFileReference; fileEncoding = 4; lastKnownFileType = sourcecode.c.objc; path = "test8-8.m"; sourceTree = "<group>"; };
		77C74A721BD23124006403E5 /* Complex.h */ = {isa = PBXFileReference; fileEncoding = 4; lastKnownFileType = sourcecode.c.h; name = Complex.h; path = chapter9/Complex.h; sourceTree = "<group>"; };
		77C74A731BD23124006403E5 /* Complex.m */ = {isa = PBXFileReference; fileEncoding = 4; lastKnownFileType = sourcecode.c.objc; name = Complex.m; path = chapter9/Complex.m; sourceTree = "<group>"; };
		77C74A761BD2442E006403E5 /* codeList9-1.m */ = {isa = PBXFileReference; fileEncoding = 4; lastKnownFileType = sourcecode.c.objc; name = "codeList9-1.m"; path = "chapter9/codeList9-1.m"; sourceTree = "<group>"; };
		77C74A791BD2A65C006403E5 /* Fraction.h */ = {isa = PBXFileReference; fileEncoding = 4; lastKnownFileType = sourcecode.c.h; name = Fraction.h; path = chapter9/Fraction.h; sourceTree = "<group>"; };
		77C74A7A1BD2A65C006403E5 /* Fraction.m */ = {isa = PBXFileReference; fileEncoding = 4; lastKnownFileType = sourcecode.c.objc; name = Fraction.m; path = chapter9/Fraction.m; sourceTree = "<group>"; };
		77C74A7C1BD3547B006403E5 /* codeList9-2.m */ = {isa = PBXFileReference; fileEncoding = 4; lastKnownFileType = sourcecode.c.objc; name = "codeList9-2.m"; path = "chapter9/codeList9-2.m"; sourceTree = "<group>"; };
		77C74A7E1BD60352006403E5 /* codeList9-3.m */ = {isa = PBXFileReference; fileEncoding = 4; lastKnownFileType = sourcecode.c.objc; name = "codeList9-3.m"; path = "chapter9/codeList9-3.m"; sourceTree = "<group>"; };
		77C74A841BD62F7C006403E5 /* codeList9-4.m */ = {isa = PBXFileReference; fileEncoding = 4; lastKnownFileType = sourcecode.c.objc; name = "codeList9-4.m"; path = "chapter9/codeList9-4.m"; sourceTree = "<group>"; };
		77C74A861BD63980006403E5 /* test9-1.m */ = {isa = PBXFileReference; fileEncoding = 4; lastKnownFileType = sourcecode.c.objc; path = "test9-1.m"; sourceTree = "<group>"; };
		77C74A881BD63AF8006403E5 /* test9-2.m */ = {isa = PBXFileReference; fileEncoding = 4; lastKnownFileType = sourcecode.c.objc; name = "test9-2.m"; path = "chapter9/test9-2.m"; sourceTree = "<group>"; };
		77C74A8A1BD63D9A006403E5 /* test9-3.m */ = {isa = PBXFileReference; fileEncoding = 4; lastKnownFileType = sourcecode.c.objc; name = "test9-3.m"; path = "chapter9/test9-3.m"; sourceTree = "<group>"; };
		77C74A8C1BD65BE6006403E5 /* test9-4.m */ = {isa = PBXFileReference; fileEncoding = 4; lastKnownFileType = sourcecode.c.objc; name = "test9-4.m"; path = "chapter9/test9-4.m"; sourceTree = "<group>"; };
		77C74A8E1BD6635D006403E5 /* test9-5.m */ = {isa = PBXFileReference; fileEncoding = 4; lastKnownFileType = sourcecode.c.objc; name = "test9-5.m"; path = "chapter9/test9-5.m"; sourceTree = "<group>"; };
		77C74A901BD67B0A006403E5 /* codeList10-1.m */ = {isa = PBXFileReference; fileEncoding = 4; lastKnownFileType = sourcecode.c.objc; name = "codeList10-1.m"; path = "chapter10/codeList10-1.m"; sourceTree = "<group>"; };
		77DACF771BE9EC7900468153 /* Exericises13-7.m */ = {isa = PBXFileReference; fileEncoding = 4; lastKnownFileType = sourcecode.c.objc; name = "Exericises13-7.m"; path = "chapter13/Exericises13-7.m"; sourceTree = "<group>"; };
		77DACF791BE9F25600468153 /* Exercises13-8.m */ = {isa = PBXFileReference; fileEncoding = 4; lastKnownFileType = sourcecode.c.objc; name = "Exercises13-8.m"; path = "chapter13/Exercises13-8.m"; sourceTree = "<group>"; };
		77DACF7B1BE9F64800468153 /* Exercises13-10.m */ = {isa = PBXFileReference; fileEncoding = 4; lastKnownFileType = sourcecode.c.objc; name = "Exercises13-10.m"; path = "chapter13/Exercises13-10.m"; sourceTree = "<group>"; };
		77DACF7D1BEA260800468153 /* Program15-1.m */ = {isa = PBXFileReference; fileEncoding = 4; lastKnownFileType = sourcecode.c.objc; name = "Program15-1.m"; path = "chapter15/Program15-1.m"; sourceTree = "<group>"; };
		77DACF801BEA718900468153 /* Program15-2.m */ = {isa = PBXFileReference; fileEncoding = 4; lastKnownFileType = sourcecode.c.objc; name = "Program15-2.m"; path = "chapter15/Program15-2.m"; sourceTree = "<group>"; };
		77DACF821BEB008200468153 /* Program15-3.m */ = {isa = PBXFileReference; fileEncoding = 4; lastKnownFileType = sourcecode.c.objc; name = "Program15-3.m"; path = "chapter15/Program15-3.m"; sourceTree = "<group>"; };
		77DACF841BEB45DE00468153 /* Program15-4.m */ = {isa = PBXFileReference; fileEncoding = 4; lastKnownFileType = sourcecode.c.objc; name = "Program15-4.m"; path = "chapter15/Program15-4.m"; sourceTree = "<group>"; };
		77DACF861BEB73A700468153 /* Program15-5.m */ = {isa = PBXFileReference; fileEncoding = 4; lastKnownFileType = sourcecode.c.objc; name = "Program15-5.m"; path = "chapter15/Program15-5.m"; sourceTree = "<group>"; };
		77DACF881BEB9D8600468153 /* Program15-6.m */ = {isa = PBXFileReference; fileEncoding = 4; lastKnownFileType = sourcecode.c.objc; name = "Program15-6.m"; path = "chapter15/Program15-6.m"; sourceTree = "<group>"; };
		77DACFA81BEC8DC700468153 /* Program15-7.m */ = {isa = PBXFileReference; fileEncoding = 4; lastKnownFileType = sourcecode.c.objc; name = "Program15-7.m"; path = "chapter15/Program15-7.m"; sourceTree = "<group>"; };
		77DACFAA1BEC927900468153 /* Program15-8.m */ = {isa = PBXFileReference; fileEncoding = 4; lastKnownFileType = sourcecode.c.objc; name = "Program15-8.m"; path = "chapter15/Program15-8.m"; sourceTree = "<group>"; };
		77DACFAC1BEC95B300468153 /* Program15-9.m */ = {isa = PBXFileReference; fileEncoding = 4; lastKnownFileType = sourcecode.c.objc; name = "Program15-9.m"; path = "chapter15/Program15-9.m"; sourceTree = "<group>"; };
		77DACFAE1BECA19700468153 /* AddressCard.h */ = {isa = PBXFileReference; fileEncoding = 4; lastKnownFileType = sourcecode.c.h; name = AddressCard.h; path = chapter15/AddressCard.h; sourceTree = "<group>"; };
		77DACFAF1BECA19700468153 /* AddressCard.m */ = {isa = PBXFileReference; fileEncoding = 4; lastKnownFileType = sourcecode.c.objc; name = AddressCard.m; path = chapter15/AddressCard.m; sourceTree = "<group>"; };
		77E2B6691BF0DEC80056E960 /* Program15-13.m */ = {isa = PBXFileReference; fileEncoding = 4; lastKnownFileType = sourcecode.c.objc; name = "Program15-13.m"; path = "chapter15/Program15-13.m"; sourceTree = "<group>"; };
		77E2B66B1BF20AF50056E960 /* Program15-14.m */ = {isa = PBXFileReference; fileEncoding = 4; lastKnownFileType = sourcecode.c.objc; name = "Program15-14.m"; path = "chapter15/Program15-14.m"; sourceTree = "<group>"; };
		77E2B66D1BF22AD90056E960 /* Program15-15.m */ = {isa = PBXFileReference; fileEncoding = 4; lastKnownFileType = sourcecode.c.objc; name = "Program15-15.m"; path = "chapter15/Program15-15.m"; sourceTree = "<group>"; };
		77E2B66F1BF3383F0056E960 /* Progrma15-16.m */ = {isa = PBXFileReference; fileEncoding = 4; lastKnownFileType = sourcecode.c.objc; name = "Progrma15-16.m"; path = "chapter15/Progrma15-16.m"; sourceTree = "<group>"; };
		77E2B6711BF33F8C0056E960 /* Program15-17.m */ = {isa = PBXFileReference; fileEncoding = 4; lastKnownFileType = sourcecode.c.objc; name = "Program15-17.m"; path = "chapter15/Program15-17.m"; sourceTree = "<group>"; };
		77E2B6731BF349540056E960 /* Program15-18.m */ = {isa = PBXFileReference; fileEncoding = 4; lastKnownFileType = sourcecode.c.objc; name = "Program15-18.m"; path = "chapter15/Program15-18.m"; sourceTree = "<group>"; };
		77E2B6751BF36D9D0056E960 /* Program15-19.m */ = {isa = PBXFileReference; fileEncoding = 4; lastKnownFileType = sourcecode.c.objc; name = "Program15-19.m"; path = "chapter15/Program15-19.m"; sourceTree = "<group>"; };
		77E2B6771BF38D980056E960 /* Exericises15-1.m */ = {isa = PBXFileReference; fileEncoding = 4; lastKnownFileType = sourcecode.c.objc; name = "Exericises15-1.m"; path = "chapter15/Exericises15-1.m"; sourceTree = "<group>"; };
		77E2B6791BF39E590056E960 /* Exericisese15-3.m */ = {isa = PBXFileReference; fileEncoding = 4; lastKnownFileType = sourcecode.c.objc; name = "Exericisese15-3.m"; path = "chapter15/Exericisese15-3.m"; sourceTree = "<group>"; };
		77E2B67B1BF3B69F0056E960 /* Exericises15-4.m */ = {isa = PBXFileReference; fileEncoding = 4; lastKnownFileType = sourcecode.c.objc; name = "Exericises15-4.m"; path = "chapter15/Exericises15-4.m"; sourceTree = "<group>"; };
		77E2B67D1BF3BD900056E960 /* Exericises15-6.m */ = {isa = PBXFileReference; fileEncoding = 4; lastKnownFileType = sourcecode.c.objc; name = "Exericises15-6.m"; path = "chapter15/Exericises15-6.m"; sourceTree = "<group>"; };
		77E2B67F1BF474210056E960 /* Exercises15-7.m */ = {isa = PBXFileReference; fileEncoding = 4; lastKnownFileType = sourcecode.c.objc; name = "Exercises15-7.m"; path = "chapter15/Exercises15-7.m"; sourceTree = "<group>"; };
		77E2B6811BF479550056E960 /* Exericises15-8.m */ = {isa = PBXFileReference; fileEncoding = 4; lastKnownFileType = sourcecode.c.objc; name = "Exericises15-8.m"; path = "chapter15/Exericises15-8.m"; sourceTree = "<group>"; };
		77E2B6831BF47F380056E960 /* Song.h */ = {isa = PBXFileReference; fileEncoding = 4; lastKnownFileType = sourcecode.c.h; name = Song.h; path = chapter15/Song.h; sourceTree = "<group>"; };
		77E2B6841BF47F380056E960 /* Song.m */ = {isa = PBXFileReference; fileEncoding = 4; lastKnownFileType = sourcecode.c.objc; name = Song.m; path = chapter15/Song.m; sourceTree = "<group>"; };
		77E2B6861BF480FA0056E960 /* Playlist.h */ = {isa = PBXFileReference; fileEncoding = 4; lastKnownFileType = sourcecode.c.h; name = Playlist.h; path = chapter15/Playlist.h; sourceTree = "<group>"; };
		77E2B6871BF480FA0056E960 /* Playlist.m */ = {isa = PBXFileReference; fileEncoding = 4; lastKnownFileType = sourcecode.c.objc; name = Playlist.m; path = chapter15/Playlist.m; sourceTree = "<group>"; };
		77E2B6891BF481880056E960 /* MusicCollection.h */ = {isa = PBXFileReference; fileEncoding = 4; lastKnownFileType = sourcecode.c.h; name = MusicCollection.h; path = chapter15/MusicCollection.h; sourceTree = "<group>"; };
		77E2B68A1BF481880056E960 /* MusicCollection.m */ = {isa = PBXFileReference; fileEncoding = 4; lastKnownFileType = sourcecode.c.objc; name = MusicCollection.m; path = chapter15/MusicCollection.m; sourceTree = "<group>"; };
		77E2B68F1BF49DD40056E960 /* Exericises15-9.m */ = {isa = PBXFileReference; fileEncoding = 4; lastKnownFileType = sourcecode.c.objc; name = "Exericises15-9.m"; path = "chapter15/Exericises15-9.m"; sourceTree = "<group>"; };
		77E2B6911BF4DD9A0056E960 /* Exercises15-10.m */ = {isa = PBXFileReference; fileEncoding = 4; lastKnownFileType = sourcecode.c.objc; name = "Exercises15-10.m"; path = "chapter15/Exercises15-10.m"; sourceTree = "<group>"; };
		77E2B6931BF5049D0056E960 /* Program16-1.m */ = {isa = PBXFileReference; fileEncoding = 4; lastKnownFileType = sourcecode.c.objc; name = "Program16-1.m"; path = "chapter16/Program16-1.m"; sourceTree = "<group>"; };
		77E2B6961BF5111D0056E960 /* Program16-2.m */ = {isa = PBXFileReference; fileEncoding = 4; lastKnownFileType = sourcecode.c.objc; name = "Program16-2.m"; path = "chapter16/Program16-2.m"; sourceTree = "<group>"; };
		77E2B69A1BF515080056E960 /* Program16-3.m */ = {isa = PBXFileReference; fileEncoding = 4; lastKnownFileType = sourcecode.c.objc; name = "Program16-3.m"; path = "chapter16/Program16-3.m"; sourceTree = "<group>"; };
		77E8279B1BC65F3C005C1B2E /* code_of_programming_in_Objective-C */ = {isa = PBXFileReference; explicitFileType = "compiled.mach-o.executable"; includeInIndex = 0; path = "code_of_programming_in_Objective-C"; sourceTree = BUILT_PRODUCTS_DIR; };
		77E8279E1BC65F3C005C1B2E /* main.m */ = {isa = PBXFileReference; lastKnownFileType = sourcecode.c.objc; path = main.m; sourceTree = "<group>"; };
		77E827A91BC66037005C1B2E /* codeList4-6.m */ = {isa = PBXFileReference; fileEncoding = 4; lastKnownFileType = sourcecode.c.objc; path = "codeList4-6.m"; sourceTree = "<group>"; };
		77E827AA1BC66037005C1B2E /* test4-7.m */ = {isa = PBXFileReference; fileEncoding = 4; lastKnownFileType = sourcecode.c.objc; path = "test4-7.m"; sourceTree = "<group>"; };
		77E827AB1BC66037005C1B2E /* test4-8.m */ = {isa = PBXFileReference; fileEncoding = 4; lastKnownFileType = sourcecode.c.objc; path = "test4-8.m"; sourceTree = "<group>"; };
		77E827AD1BC66037005C1B2E /* codeList5-6.m */ = {isa = PBXFileReference; fileEncoding = 4; lastKnownFileType = sourcecode.c.objc; path = "codeList5-6.m"; sourceTree = "<group>"; };
		77E827AE1BC66037005C1B2E /* codeList5-8.m */ = {isa = PBXFileReference; fileEncoding = 4; lastKnownFileType = sourcecode.c.objc; path = "codeList5-8.m"; sourceTree = "<group>"; };
		77E827AF1BC66037005C1B2E /* codeList5.m */ = {isa = PBXFileReference; fileEncoding = 4; lastKnownFileType = sourcecode.c.objc; path = codeList5.m; sourceTree = "<group>"; };
		77E827B01BC66037005C1B2E /* test5-1.m */ = {isa = PBXFileReference; fileEncoding = 4; lastKnownFileType = sourcecode.c.objc; path = "test5-1.m"; sourceTree = "<group>"; };
		77E827B11BC66037005C1B2E /* test5-2.m */ = {isa = PBXFileReference; fileEncoding = 4; lastKnownFileType = sourcecode.c.objc; path = "test5-2.m"; sourceTree = "<group>"; };
		77E827B21BC66037005C1B2E /* test5-3.m */ = {isa = PBXFileReference; fileEncoding = 4; lastKnownFileType = sourcecode.c.objc; path = "test5-3.m"; sourceTree = "<group>"; };
		77E827B41BC66037005C1B2E /* codeList6-1.m */ = {isa = PBXFileReference; fileEncoding = 4; lastKnownFileType = sourcecode.c.objc; path = "codeList6-1.m"; sourceTree = "<group>"; };
		77E827B51BC66037005C1B2E /* codeList6-10.m */ = {isa = PBXFileReference; fileEncoding = 4; lastKnownFileType = sourcecode.c.objc; path = "codeList6-10.m"; sourceTree = "<group>"; };
		77E827B61BC66037005C1B2E /* codeList6-2.m */ = {isa = PBXFileReference; fileEncoding = 4; lastKnownFileType = sourcecode.c.objc; path = "codeList6-2.m"; sourceTree = "<group>"; };
		77E827B71BC66037005C1B2E /* codeList6-3.m */ = {isa = PBXFileReference; fileEncoding = 4; lastKnownFileType = sourcecode.c.objc; path = "codeList6-3.m"; sourceTree = "<group>"; };
		77E827B81BC66037005C1B2E /* codeList6-5.m */ = {isa = PBXFileReference; fileEncoding = 4; lastKnownFileType = sourcecode.c.objc; path = "codeList6-5.m"; sourceTree = "<group>"; };
		77E827B91BC66037005C1B2E /* codeList6-6.m */ = {isa = PBXFileReference; fileEncoding = 4; lastKnownFileType = sourcecode.c.objc; path = "codeList6-6.m"; sourceTree = "<group>"; };
		77E827BA1BC66037005C1B2E /* codeList6-7.m */ = {isa = PBXFileReference; fileEncoding = 4; lastKnownFileType = sourcecode.c.objc; path = "codeList6-7.m"; sourceTree = "<group>"; };
		77E827BB1BC66037005C1B2E /* codeList6-8.m */ = {isa = PBXFileReference; fileEncoding = 4; lastKnownFileType = sourcecode.c.objc; path = "codeList6-8.m"; sourceTree = "<group>"; };
		77E827BC1BC66037005C1B2E /* codeList6-9.m */ = {isa = PBXFileReference; fileEncoding = 4; lastKnownFileType = sourcecode.c.objc; path = "codeList6-9.m"; sourceTree = "<group>"; };
		77E827BD1BC66037005C1B2E /* test6-1.m */ = {isa = PBXFileReference; fileEncoding = 4; lastKnownFileType = sourcecode.c.objc; path = "test6-1.m"; sourceTree = "<group>"; };
		77E827BE1BC66037005C1B2E /* test6-2.m */ = {isa = PBXFileReference; fileEncoding = 4; lastKnownFileType = sourcecode.c.objc; path = "test6-2.m"; sourceTree = "<group>"; };
		77E827BF1BC66037005C1B2E /* test6-3.m */ = {isa = PBXFileReference; fileEncoding = 4; lastKnownFileType = sourcecode.c.objc; path = "test6-3.m"; sourceTree = "<group>"; };
		77E827C01BC66037005C1B2E /* test6-4.m */ = {isa = PBXFileReference; fileEncoding = 4; lastKnownFileType = sourcecode.c.objc; path = "test6-4.m"; sourceTree = "<group>"; };
		77E827C11BC66037005C1B2E /* test6-5.m */ = {isa = PBXFileReference; fileEncoding = 4; lastKnownFileType = sourcecode.c.objc; path = "test6-5.m"; sourceTree = "<group>"; };
		77E827C21BC66037005C1B2E /* test6-6A.m */ = {isa = PBXFileReference; fileEncoding = 4; lastKnownFileType = sourcecode.c.objc; path = "test6-6A.m"; sourceTree = "<group>"; };
		77E827C31BC66037005C1B2E /* test6-7.m */ = {isa = PBXFileReference; fileEncoding = 4; lastKnownFileType = sourcecode.c.objc; path = "test6-7.m"; sourceTree = "<group>"; };
		77E827DF1BC66CA3005C1B2E /* codeList7-1.m */ = {isa = PBXFileReference; fileEncoding = 4; lastKnownFileType = sourcecode.c.objc; name = "codeList7-1.m"; path = "chapter7/codeList7-1.m"; sourceTree = "<group>"; };
		77E827E21BC66DE2005C1B2E /* Fraction.h */ = {isa = PBXFileReference; fileEncoding = 4; lastKnownFileType = sourcecode.c.h; name = Fraction.h; path = chapter7/Fraction.h; sourceTree = "<group>"; };
		77E827E31BC66DE2005C1B2E /* Fraction.m */ = {isa = PBXFileReference; fileEncoding = 4; lastKnownFileType = sourcecode.c.objc; name = Fraction.m; path = chapter7/Fraction.m; sourceTree = "<group>"; };
		77E827E61BC7A9EE005C1B2E /* codeList7-2.m */ = {isa = PBXFileReference; fileEncoding = 4; lastKnownFileType = sourcecode.c.objc; name = "codeList7-2.m"; path = "chapter7/codeList7-2.m"; sourceTree = "<group>"; };
		77E827E81BC7AB7C005C1B2E /* codeList7-3.m */ = {isa = PBXFileReference; fileEncoding = 4; lastKnownFileType = sourcecode.c.objc; name = "codeList7-3.m"; path = "chapter7/codeList7-3.m"; sourceTree = "<group>"; };
		77E827EA1BC7B579005C1B2E /* codeLIst7-4.m */ = {isa = PBXFileReference; fileEncoding = 4; lastKnownFileType = sourcecode.c.objc; name = "codeLIst7-4.m"; path = "chapter7/codeLIst7-4.m"; sourceTree = "<group>"; };
		77E827EC1BC7F2DA005C1B2E /* codeLIst7-5.m */ = {isa = PBXFileReference; fileEncoding = 4; lastKnownFileType = sourcecode.c.objc; name = "codeLIst7-5.m"; path = "chapter7/codeLIst7-5.m"; sourceTree = "<group>"; };
		77E827EE1BC8EC8D005C1B2E /* codeList7-6.m */ = {isa = PBXFileReference; fileEncoding = 4; lastKnownFileType = sourcecode.c.objc; name = "codeList7-6.m"; path = "chapter7/codeList7-6.m"; sourceTree = "<group>"; };
		77E827F01BC8F885005C1B2E /* test7-1.m */ = {isa = PBXFileReference; fileEncoding = 4; lastKnownFileType = sourcecode.c.objc; name = "test7-1.m"; path = "chapter7/test7-1.m"; sourceTree = "<group>"; };
		77E827F21BC90074005C1B2E /* test7-2.m */ = {isa = PBXFileReference; fileEncoding = 4; lastKnownFileType = sourcecode.c.objc; name = "test7-2.m"; path = "chapter7/test7-2.m"; sourceTree = "<group>"; };
		77E827F41BC905C6005C1B2E /* test7-4.m */ = {isa = PBXFileReference; fileEncoding = 4; lastKnownFileType = sourcecode.c.objc; name = "test7-4.m"; path = "chapter7/test7-4.m"; sourceTree = "<group>"; };
		77E827F61BC906F6005C1B2E /* FractionLight.h */ = {isa = PBXFileReference; fileEncoding = 4; lastKnownFileType = sourcecode.c.h; path = FractionLight.h; sourceTree = "<group>"; };
		77E827F71BC906F6005C1B2E /* FractionLight.m */ = {isa = PBXFileReference; fileEncoding = 4; lastKnownFileType = sourcecode.c.objc; path = FractionLight.m; sourceTree = "<group>"; };
		77E827FA1BC95903005C1B2E /* Complex.h */ = {isa = PBXFileReference; fileEncoding = 4; lastKnownFileType = sourcecode.c.h; name = Complex.h; path = chapter7/Complex.h; sourceTree = "<group>"; };
		77E827FB1BC95903005C1B2E /* Complex.m */ = {isa = PBXFileReference; fileEncoding = 4; lastKnownFileType = sourcecode.c.objc; name = Complex.m; path = chapter7/Complex.m; sourceTree = "<group>"; };
/* End PBXFileReference section */

/* Begin PBXFrameworksBuildPhase section */
		77E827981BC65F3C005C1B2E /* Frameworks */ = {
			isa = PBXFrameworksBuildPhase;
			buildActionMask = 2147483647;
			files = (
			);
			runOnlyForDeploymentPostprocessing = 0;
		};
/* End PBXFrameworksBuildPhase section */

/* Begin PBXGroup section */
		773837D81BE212F8002D2B84 /* chapter13 */ = {
			isa = PBXGroup;
			children = (
				7790755E1BE919880014AFD7 /* Data.h */,
				7790755F1BE919880014AFD7 /* Data.m */,
				773837D61BE212ED002D2B84 /* Program13-1.m */,
				773837D91BE22F90002D2B84 /* Program13-2.m */,
				773837DB1BE26628002D2B84 /* Program13-3.m */,
				773837DD1BE266EC002D2B84 /* Program13-4.m */,
				773837DF1BE283C5002D2B84 /* Program13-5.m */,
				773837E11BE340EC002D2B84 /* Program13-6.m */,
				773837E31BE3450B002D2B84 /* Program13-7.m */,
				773837E51BE34927002D2B84 /* Program13-8.m */,
				773837E71BE34A9E002D2B84 /* Program13-9.m */,
				773837EA1BE355EB002D2B84 /* Program13-10.m */,
				773837EC1BE372A3002D2B84 /* Program13-11.m */,
				773837EE1BE37957002D2B84 /* Program13-12.m */,
				773837F01BE380C0002D2B84 /* Program13-13.m */,
				773837F21BE385E7002D2B84 /* Program13-14.m */,
				773837F41BE38B4C002D2B84 /* Program13-15.m */,
				773837F61BE39B00002D2B84 /* Program13-16.m */,
				773837F81BE3A30B002D2B84 /* Program13-17.m */,
				7755F41A1BE8533C001844E9 /* Exercises13-1.m */,
				776DF2EC1BE8F4EC0083387E /* Exercises13-3.m */,
				7790755A1BE90D070014AFD7 /* Exercises13-4.m */,
				7790755C1BE917D40014AFD7 /* Exericises13-5.m */,
				779075611BE91A0F0014AFD7 /* Exericises13-6.m */,
				77DACF771BE9EC7900468153 /* Exericises13-7.m */,
				77DACF791BE9F25600468153 /* Exercises13-8.m */,
				77DACF7B1BE9F64800468153 /* Exercises13-10.m */,
			);
			name = chapter13;
			sourceTree = "<group>";
		};
		77901CBA1BC9665300E50CA2 /* chapter8 */ = {
			isa = PBXGroup;
			children = (
				779C3FD21BCAB5F80004BCC0 /* XYPoint.h */,
				779C3FD31BCAB5F80004BCC0 /* XYPoint.m */,
				779C3FCD1BCAA5390004BCC0 /* Square.h */,
				779C3FCE1BCAA5390004BCC0 /* Square.m */,
				77C74A631BCF8AE5006403E5 /* Circle.h */,
				77C74A641BCF8AE5006403E5 /* Circle.m */,
				77C74A691BD01271006403E5 /* Triangle.h */,
				77C74A6A1BD01271006403E5 /* Triangle.m */,
				77901CBB1BCA8EC900E50CA2 /* Rectangle.h */,
				77901CBC1BCA8EC900E50CA2 /* Rectangle.m */,
				77C74A5E1BCE4B42006403E5 /* GraphicObject.h */,
				77C74A5F1BCE4B42006403E5 /* GraphicObject.m */,
				77C74A551BCBE4C9006403E5 /* codeList8-5.m */,
				77C74A531BCBB115006403E5 /* codeList8-4.m */,
				77C74A581BCCF174006403E5 /* codeList8-6.m */,
				77C74A5A1BCCF61A006403E5 /* codeList8-7.m */,
				77C74A5C1BCE3E22006403E5 /* test8-1.m */,
				77C74A661BCFF247006403E5 /* test8-0-1.m */,
				77C74A611BCF88EE006403E5 /* test8-5.m */,
				77C74A6C1BD026B0006403E5 /* test8-6.m */,
				77C74A6E1BD02968006403E5 /* test8-7.m */,
				77C74A701BD02F86006403E5 /* test8-8.m */,
				77901CB81BC9664B00E50CA2 /* codeList8-1.m */,
				77901CBE1BCA959600E50CA2 /* codeList8-2.m */,
				779C3FD01BCAAB910004BCC0 /* codeList8-3.m */,
			);
			name = chapter8;
			sourceTree = "<group>";
		};
		77B3A5C21BDF6A88003E8B60 /* chapter11 */ = {
			isa = PBXGroup;
			children = (
				77B3A5CA1BDFEBC7003E8B60 /* Calculator.h */,
				77B3A5CB1BDFEBC7003E8B60 /* Calculator.m */,
				77B3A5CF1BDFFEC8003E8B60 /* Calculator+Trig.h */,
				77B3A5D01BDFFEC8003E8B60 /* Calculator+Trig.m */,
				77B3A5BC1BDCEADF003E8B60 /* Fraction+MathOps.h */,
				77B3A5BD1BDCEADF003E8B60 /* Fraction+MathOps.m */,
				77B3A5C51BDFD938003E8B60 /* Fraction+Comparison.h */,
				77B3A5C61BDFD938003E8B60 /* Fraction+Comparison.m */,
				77B3A5C31BDF6AB3003E8B60 /* Program11.m */,
				77B3A5C81BDFEA8B003E8B60 /* Exericises11-3.m */,
				77B3A5D21BE0015F003E8B60 /* Square.h */,
				77B3A5D31BE0015F003E8B60 /* Square.m */,
			);
			name = chapter11;
			sourceTree = "<group>";
		};
		77B3A5D91BE0BD12003E8B60 /* chapter12 */ = {
			isa = PBXGroup;
			children = (
				77B3A5D61BE0BD08003E8B60 /* Exercises12-2.m */,
			);
			name = chapter12;
			sourceTree = "<group>";
		};
		77C74A751BD23129006403E5 /* chapter9 */ = {
			isa = PBXGroup;
			children = (
				77C74A721BD23124006403E5 /* Complex.h */,
				77C74A791BD2A65C006403E5 /* Fraction.h */,
				77C74A7A1BD2A65C006403E5 /* Fraction.m */,
				77C74A731BD23124006403E5 /* Complex.m */,
				77C74A761BD2442E006403E5 /* codeList9-1.m */,
				77C74A7C1BD3547B006403E5 /* codeList9-2.m */,
				77C74A7E1BD60352006403E5 /* codeList9-3.m */,
				77C74A841BD62F7C006403E5 /* codeList9-4.m */,
				77C74A8C1BD65BE6006403E5 /* test9-4.m */,
				77C74A8E1BD6635D006403E5 /* test9-5.m */,
				77C74A861BD63980006403E5 /* test9-1.m */,
				77C74A8A1BD63D9A006403E5 /* test9-3.m */,
				77C74A881BD63AF8006403E5 /* test9-2.m */,
			);
			name = chapter9;
			sourceTree = "<group>";
		};
		77C74A921BD67B0F006403E5 /* chapter10 */ = {
			isa = PBXGroup;
			children = (
				77B3A5B81BDAB8C1003E8B60 /* Exercises10-4.m */,
				77B3A5BA1BDB32D2003E8B60 /* Exercises10-5.m */,
				77C74A901BD67B0A006403E5 /* codeList10-1.m */,
				77B3A5B21BDA95F2003E8B60 /* Exercises10-1.m */,
				77B3A5B41BDAAD23003E8B60 /* Exercises10-3.m */,
				77B3A5AC1BD9E4B4003E8B60 /* Program10-2.m */,
				77B3A5AE1BDA27A4003E8B60 /* Program10-3.m */,
				77B3A5B01BDA6741003E8B60 /* Program10-4.m */,
			);
			name = chapter10;
			sourceTree = "<group>";
		};
		77DACF7F1BEA261100468153 /* chapter15 */ = {
			isa = PBXGroup;
			children = (
				777AF1B31BEDDCE100D3D7C9 /* AddressBook.h */,
				777AF1B41BEDDCE100D3D7C9 /* AddressBook.m */,
				77DACFAE1BECA19700468153 /* AddressCard.h */,
				77DACFAF1BECA19700468153 /* AddressCard.m */,
				77E2B6831BF47F380056E960 /* Song.h */,
				77E2B6841BF47F380056E960 /* Song.m */,
				77E2B6861BF480FA0056E960 /* Playlist.h */,
				77E2B6871BF480FA0056E960 /* Playlist.m */,
				77E2B6891BF481880056E960 /* MusicCollection.h */,
				77E2B68A1BF481880056E960 /* MusicCollection.m */,
				77DACF7D1BEA260800468153 /* Program15-1.m */,
				77DACF801BEA718900468153 /* Program15-2.m */,
				77DACF821BEB008200468153 /* Program15-3.m */,
				77DACF841BEB45DE00468153 /* Program15-4.m */,
				77DACF861BEB73A700468153 /* Program15-5.m */,
				77DACF881BEB9D8600468153 /* Program15-6.m */,
				77DACFA81BEC8DC700468153 /* Program15-7.m */,
				77DACFAA1BEC927900468153 /* Program15-8.m */,
				77DACFAC1BEC95B300468153 /* Program15-9.m */,
				777AF1AF1BEDD03A00D3D7C9 /* Program15-10.m */,
				777AF1B11BEDDAFA00D3D7C9 /* Program15-11.m */,
				777AF1B61BF081DE00D3D7C9 /* Program15-12.m */,
				77E2B6691BF0DEC80056E960 /* Program15-13.m */,
				77E2B66B1BF20AF50056E960 /* Program15-14.m */,
				77E2B66D1BF22AD90056E960 /* Program15-15.m */,
				77E2B66F1BF3383F0056E960 /* Progrma15-16.m */,
				77E2B6711BF33F8C0056E960 /* Program15-17.m */,
				77E2B6731BF349540056E960 /* Program15-18.m */,
				77E2B6751BF36D9D0056E960 /* Program15-19.m */,
				77E2B6771BF38D980056E960 /* Exericises15-1.m */,
				77E2B6791BF39E590056E960 /* Exericisese15-3.m */,
				77E2B67B1BF3B69F0056E960 /* Exericises15-4.m */,
				77E2B67D1BF3BD900056E960 /* Exericises15-6.m */,
				77E2B67F1BF474210056E960 /* Exercises15-7.m */,
				77E2B6811BF479550056E960 /* Exericises15-8.m */,
				77E2B68F1BF49DD40056E960 /* Exericises15-9.m */,
				77E2B6911BF4DD9A0056E960 /* Exercises15-10.m */,
			);
			name = chapter15;
			sourceTree = "<group>";
		};
		77E2B6951BF504A30056E960 /* chapter16 */ = {
			isa = PBXGroup;
			children = (
				77E2B6931BF5049D0056E960 /* Program16-1.m */,
				77E2B6961BF5111D0056E960 /* Program16-2.m */,
				77E2B69A1BF515080056E960 /* Program16-3.m */,
				77058C821BF658F100DD1F27 /* Program16-4.m */,
				7759C5E91BF78066008AADEC /* Program16-5.m */,
				7759C5EB1BF7A107008AADEC /* Program16-6.m */,
				77666BD41BF9CFB000D2B9F1 /* Program16-7.m */,
				77666BD61BF9F6BD00D2B9F1 /* Program16-8.m */,
				77666BD81BFA4E3600D2B9F1 /* Program16-9.m */,
				77666BDA1BFA512E00D2B9F1 /* Exericises16-1.m */,
				77666BDC1BFA617000D2B9F1 /* Exericises16-2.m */,
				77666BDE1BFAF44900D2B9F1 /* Exericises16-3.m */,
				77666BE01BFAF9B300D2B9F1 /* Exericises16-4.m */,
				77666BE21BFAFA6A00D2B9F1 /* Exerocoses16-5.m */,
				77666BE41BFAFE5B00D2B9F1 /* Exercises16-6.m */,
				77666BE61BFAFFB600D2B9F1 /* Exericises16-7.m */,
				77666BE81BFB025B00D2B9F1 /* Exercoses16-8.m */,
			);
			name = chapter16;
			sourceTree = "<group>";
		};
		77E827921BC65F3C005C1B2E = {
			isa = PBXGroup;
			children = (
				77E2B6951BF504A30056E960 /* chapter16 */,
				77DACF7F1BEA261100468153 /* chapter15 */,
				773837D81BE212F8002D2B84 /* chapter13 */,
				77B3A5D91BE0BD12003E8B60 /* chapter12 */,
				77B3A5C21BDF6A88003E8B60 /* chapter11 */,
				77C74A921BD67B0F006403E5 /* chapter10 */,
				77C74A751BD23129006403E5 /* chapter9 */,
				77901CBA1BC9665300E50CA2 /* chapter8 */,
				77E827E11BC66CAA005C1B2E /* chapter7 */,
				77E827A81BC66037005C1B2E /* chapter4 */,
				77E827AC1BC66037005C1B2E /* chapter5 */,
				77E827B31BC66037005C1B2E /* chapter6 */,
				77E8279D1BC65F3C005C1B2E /* code_of_programming_in_Objective-C */,
				77E8279C1BC65F3C005C1B2E /* Products */,
			);
			sourceTree = "<group>";
		};
		77E8279C1BC65F3C005C1B2E /* Products */ = {
			isa = PBXGroup;
			children = (
				77E8279B1BC65F3C005C1B2E /* code_of_programming_in_Objective-C */,
			);
			name = Products;
			sourceTree = "<group>";
		};
		77E8279D1BC65F3C005C1B2E /* code_of_programming_in_Objective-C */ = {
			isa = PBXGroup;
			children = (
				77E8279E1BC65F3C005C1B2E /* main.m */,
			);
			path = "code_of_programming_in_Objective-C";
			sourceTree = "<group>";
		};
		77E827A81BC66037005C1B2E /* chapter4 */ = {
			isa = PBXGroup;
			children = (
				77E827A91BC66037005C1B2E /* codeList4-6.m */,
				77E827AA1BC66037005C1B2E /* test4-7.m */,
				77E827AB1BC66037005C1B2E /* test4-8.m */,
			);
			path = chapter4;
			sourceTree = "<group>";
		};
		77E827AC1BC66037005C1B2E /* chapter5 */ = {
			isa = PBXGroup;
			children = (
				77E827AD1BC66037005C1B2E /* codeList5-6.m */,
				77E827AE1BC66037005C1B2E /* codeList5-8.m */,
				77E827AF1BC66037005C1B2E /* codeList5.m */,
				77E827B01BC66037005C1B2E /* test5-1.m */,
				77E827B11BC66037005C1B2E /* test5-2.m */,
				77E827B21BC66037005C1B2E /* test5-3.m */,
			);
			path = chapter5;
			sourceTree = "<group>";
		};
		77E827B31BC66037005C1B2E /* chapter6 */ = {
			isa = PBXGroup;
			children = (
				77E827B41BC66037005C1B2E /* codeList6-1.m */,
				77E827B51BC66037005C1B2E /* codeList6-10.m */,
				77E827B61BC66037005C1B2E /* codeList6-2.m */,
				77E827B71BC66037005C1B2E /* codeList6-3.m */,
				77E827B81BC66037005C1B2E /* codeList6-5.m */,
				77E827B91BC66037005C1B2E /* codeList6-6.m */,
				77E827BA1BC66037005C1B2E /* codeList6-7.m */,
				77E827BB1BC66037005C1B2E /* codeList6-8.m */,
				77E827BC1BC66037005C1B2E /* codeList6-9.m */,
				77E827BD1BC66037005C1B2E /* test6-1.m */,
				77E827BE1BC66037005C1B2E /* test6-2.m */,
				77E827BF1BC66037005C1B2E /* test6-3.m */,
				77E827C01BC66037005C1B2E /* test6-4.m */,
				77E827C11BC66037005C1B2E /* test6-5.m */,
				77E827C21BC66037005C1B2E /* test6-6A.m */,
				77E827C31BC66037005C1B2E /* test6-7.m */,
			);
			path = chapter6;
			sourceTree = "<group>";
		};
		77E827E11BC66CAA005C1B2E /* chapter7 */ = {
			isa = PBXGroup;
			children = (
				77E827DF1BC66CA3005C1B2E /* codeList7-1.m */,
				77E827E61BC7A9EE005C1B2E /* codeList7-2.m */,
				77E827E81BC7AB7C005C1B2E /* codeList7-3.m */,
				77E827E21BC66DE2005C1B2E /* Fraction.h */,
				77E827E31BC66DE2005C1B2E /* Fraction.m */,
				77E827F61BC906F6005C1B2E /* FractionLight.h */,
				77E827F71BC906F6005C1B2E /* FractionLight.m */,
				77E827F01BC8F885005C1B2E /* test7-1.m */,
				77E827F21BC90074005C1B2E /* test7-2.m */,
				77E827F41BC905C6005C1B2E /* test7-4.m */,
				77E827EC1BC7F2DA005C1B2E /* codeLIst7-5.m */,
				77E827EE1BC8EC8D005C1B2E /* codeList7-6.m */,
				77E827EA1BC7B579005C1B2E /* codeLIst7-4.m */,
				77E827FA1BC95903005C1B2E /* Complex.h */,
				77E827FB1BC95903005C1B2E /* Complex.m */,
				77901CB61BC95E6800E50CA2 /* test7-6.m */,
			);
			name = chapter7;
			sourceTree = "<group>";
		};
/* End PBXGroup section */

/* Begin PBXNativeTarget section */
		77E8279A1BC65F3C005C1B2E /* code_of_programming_in_Objective-C */ = {
			isa = PBXNativeTarget;
			buildConfigurationList = 77E827A21BC65F3C005C1B2E /* Build configuration list for PBXNativeTarget "code_of_programming_in_Objective-C" */;
			buildPhases = (
				77E827971BC65F3C005C1B2E /* Sources */,
				77E827981BC65F3C005C1B2E /* Frameworks */,
				77E827991BC65F3C005C1B2E /* CopyFiles */,
			);
			buildRules = (
			);
			dependencies = (
			);
			name = "code_of_programming_in_Objective-C";
			productName = "code_of_programming_in_Objective-C";
			productReference = 77E8279B1BC65F3C005C1B2E /* code_of_programming_in_Objective-C */;
			productType = "com.apple.product-type.tool";
		};
/* End PBXNativeTarget section */

/* Begin PBXProject section */
		77E827931BC65F3C005C1B2E /* Project object */ = {
			isa = PBXProject;
			attributes = {
				LastUpgradeCheck = 0700;
				ORGANIZATIONNAME = "Axel Han";
				TargetAttributes = {
					77E8279A1BC65F3C005C1B2E = {
						CreatedOnToolsVersion = 7.0.1;
					};
				};
			};
			buildConfigurationList = 77E827961BC65F3C005C1B2E /* Build configuration list for PBXProject "code_of_programming_in_Objective-C" */;
			compatibilityVersion = "Xcode 3.2";
			developmentRegion = English;
			hasScannedForEncodings = 0;
			knownRegions = (
				en,
			);
			mainGroup = 77E827921BC65F3C005C1B2E;
			productRefGroup = 77E8279C1BC65F3C005C1B2E /* Products */;
			projectDirPath = "";
			projectRoot = "";
			targets = (
				77E8279A1BC65F3C005C1B2E /* code_of_programming_in_Objective-C */,
			);
		};
/* End PBXProject section */

/* Begin PBXSourcesBuildPhase section */
		77E827971BC65F3C005C1B2E /* Sources */ = {
			isa = PBXSourcesBuildPhase;
			buildActionMask = 2147483647;
			files = (
				77E2B6851BF47F380056E960 /* Song.m in Sources */,
				77DACFB01BECA19700468153 /* AddressCard.m in Sources */,
				77B3A5D41BE0015F003E8B60 /* Square.m in Sources */,
				77C74A741BD23124006403E5 /* Complex.m in Sources */,
				77666BE91BFB025B00D2B9F1 /* Exercoses16-8.m in Sources */,
				77C74A7B1BD2A65C006403E5 /* Fraction.m in Sources */,
				77B3A5BE1BDCEADF003E8B60 /* Fraction+MathOps.m in Sources */,
				77B3A5D11BDFFEC8003E8B60 /* Calculator+Trig.m in Sources */,
				77E2B6881BF480FA0056E960 /* Playlist.m in Sources */,
				77C74A831BD6297E006403E5 /* XYPoint.m in Sources */,
				77C74A801BD6296A006403E5 /* Rectangle.m in Sources */,
				77B3A5C71BDFD938003E8B60 /* Fraction+Comparison.m in Sources */,
				77C74A821BD62979006403E5 /* GraphicObject.m in Sources */,
				777AF1B51BEDDCE100D3D7C9 /* AddressBook.m in Sources */,
				77B3A5CC1BDFEBC7003E8B60 /* Calculator.m in Sources */,
				779075601BE919880014AFD7 /* Data.m in Sources */,
				77E2B68B1BF481880056E960 /* MusicCollection.m in Sources */,
			);
			runOnlyForDeploymentPostprocessing = 0;
		};
/* End PBXSourcesBuildPhase section */

/* Begin XCBuildConfiguration section */
		77E827A01BC65F3C005C1B2E /* Debug */ = {
			isa = XCBuildConfiguration;
			buildSettings = {
				ALWAYS_SEARCH_USER_PATHS = NO;
				CLANG_CXX_LANGUAGE_STANDARD = "gnu++0x";
				CLANG_CXX_LIBRARY = "libc++";
				CLANG_ENABLE_MODULES = YES;
				CLANG_ENABLE_OBJC_ARC = YES;
				CLANG_WARN_BOOL_CONVERSION = YES;
				CLANG_WARN_CONSTANT_CONVERSION = YES;
				CLANG_WARN_DIRECT_OBJC_ISA_USAGE = YES_ERROR;
				CLANG_WARN_EMPTY_BODY = YES;
				CLANG_WARN_ENUM_CONVERSION = YES;
				CLANG_WARN_INT_CONVERSION = YES;
				CLANG_WARN_OBJC_ROOT_CLASS = YES_ERROR;
				CLANG_WARN_UNREACHABLE_CODE = YES;
				CLANG_WARN__DUPLICATE_METHOD_MATCH = YES;
				COPY_PHASE_STRIP = NO;
				DEBUG_INFORMATION_FORMAT = dwarf;
				ENABLE_STRICT_OBJC_MSGSEND = YES;
				ENABLE_TESTABILITY = YES;
				GCC_C_LANGUAGE_STANDARD = gnu99;
				GCC_DYNAMIC_NO_PIC = NO;
				GCC_NO_COMMON_BLOCKS = YES;
				GCC_OPTIMIZATION_LEVEL = 0;
				GCC_PREPROCESSOR_DEFINITIONS = (
					"DEBUG=1",
					"$(inherited)",
				);
				GCC_WARN_64_TO_32_BIT_CONVERSION = YES;
				GCC_WARN_ABOUT_RETURN_TYPE = YES_ERROR;
				GCC_WARN_UNDECLARED_SELECTOR = YES;
				GCC_WARN_UNINITIALIZED_AUTOS = YES_AGGRESSIVE;
				GCC_WARN_UNUSED_FUNCTION = YES;
				GCC_WARN_UNUSED_VARIABLE = YES;
				MACOSX_DEPLOYMENT_TARGET = 10.11;
				MTL_ENABLE_DEBUG_INFO = YES;
				ONLY_ACTIVE_ARCH = YES;
				SDKROOT = macosx;
			};
			name = Debug;
		};
		77E827A11BC65F3C005C1B2E /* Release */ = {
			isa = XCBuildConfiguration;
			buildSettings = {
				ALWAYS_SEARCH_USER_PATHS = NO;
				CLANG_CXX_LANGUAGE_STANDARD = "gnu++0x";
				CLANG_CXX_LIBRARY = "libc++";
				CLANG_ENABLE_MODULES = YES;
				CLANG_ENABLE_OBJC_ARC = YES;
				CLANG_WARN_BOOL_CONVERSION = YES;
				CLANG_WARN_CONSTANT_CONVERSION = YES;
				CLANG_WARN_DIRECT_OBJC_ISA_USAGE = YES_ERROR;
				CLANG_WARN_EMPTY_BODY = YES;
				CLANG_WARN_ENUM_CONVERSION = YES;
				CLANG_WARN_INT_CONVERSION = YES;
				CLANG_WARN_OBJC_ROOT_CLASS = YES_ERROR;
				CLANG_WARN_UNREACHABLE_CODE = YES;
				CLANG_WARN__DUPLICATE_METHOD_MATCH = YES;
				COPY_PHASE_STRIP = NO;
				DEBUG_INFORMATION_FORMAT = "dwarf-with-dsym";
				ENABLE_NS_ASSERTIONS = NO;
				ENABLE_STRICT_OBJC_MSGSEND = YES;
				GCC_C_LANGUAGE_STANDARD = gnu99;
				GCC_NO_COMMON_BLOCKS = YES;
				GCC_WARN_64_TO_32_BIT_CONVERSION = YES;
				GCC_WARN_ABOUT_RETURN_TYPE = YES_ERROR;
				GCC_WARN_UNDECLARED_SELECTOR = YES;
				GCC_WARN_UNINITIALIZED_AUTOS = YES_AGGRESSIVE;
				GCC_WARN_UNUSED_FUNCTION = YES;
				GCC_WARN_UNUSED_VARIABLE = YES;
				MACOSX_DEPLOYMENT_TARGET = 10.11;
				MTL_ENABLE_DEBUG_INFO = NO;
				SDKROOT = macosx;
			};
			name = Release;
		};
		77E827A31BC65F3C005C1B2E /* Debug */ = {
			isa = XCBuildConfiguration;
			buildSettings = {
				PRODUCT_NAME = "$(TARGET_NAME)";
			};
			name = Debug;
		};
		77E827A41BC65F3C005C1B2E /* Release */ = {
			isa = XCBuildConfiguration;
			buildSettings = {
				PRODUCT_NAME = "$(TARGET_NAME)";
			};
			name = Release;
		};
/* End XCBuildConfiguration section */

/* Begin XCConfigurationList section */
		77E827961BC65F3C005C1B2E /* Build configuration list for PBXProject "code_of_programming_in_Objective-C" */ = {
			isa = XCConfigurationList;
			buildConfigurations = (
				77E827A01BC65F3C005C1B2E /* Debug */,
				77E827A11BC65F3C005C1B2E /* Release */,
			);
			defaultConfigurationIsVisible = 0;
			defaultConfigurationName = Release;
		};
		77E827A21BC65F3C005C1B2E /* Build configuration list for PBXNativeTarget "code_of_programming_in_Objective-C" */ = {
			isa = XCConfigurationList;
			buildConfigurations = (
				77E827A31BC65F3C005C1B2E /* Debug */,
				77E827A41BC65F3C005C1B2E /* Release */,
			);
			defaultConfigurationIsVisible = 0;
			defaultConfigurationName = Release;
		};
/* End XCConfigurationList section */
	};
	rootObject = 77E827931BC65F3C005C1B2E /* Project object */;
}
