// !$*UTF8*$!
{
	archiveVersion = 1;
	classes = {
	};
	objectVersion = 46;
	objects = {

/* Begin PBXBuildFile section */
		77840C1A1C037F0A0099A69F /* main.m in Sources */ = {isa = PBXBuildFile; fileRef = 77840C191C037F0A0099A69F /* main.m */; };
		77840C1D1C037F0A0099A69F /* AppDelegate.m in Sources */ = {isa = PBXBuildFile; fileRef = 77840C1C1C037F0A0099A69F /* AppDelegate.m */; };
		77840C201C037F0A0099A69F /* ViewController.m in Sources */ = {isa = PBXBuildFile; fileRef = 77840C1F1C037F0A0099A69F /* ViewController.m */; };
		77840C231C037F0A0099A69F /* Main.storyboard in Resources */ = {isa = PBXBuildFile; fileRef = 77840C211C037F0A0099A69F /* Main.storyboard */; };
		77840C251C037F0A0099A69F /* Assets.xcassets in Resources */ = {isa = PBXBuildFile; fileRef = 77840C241C037F0A0099A69F /* Assets.xcassets */; };
		77840C281C037F0A0099A69F /* LaunchScreen.storyboard in Resources */ = {isa = PBXBuildFile; fileRef = 77840C261C037F0A0099A69F /* LaunchScreen.storyboard */; };
		77840C331C037F0B0099A69F /* iPhone_1Tests.m in Sources */ = {isa = PBXBuildFile; fileRef = 77840C321C037F0B0099A69F /* iPhone_1Tests.m */; };
		77840C3E1C037F0B0099A69F /* iPhone_1UITests.m in Sources */ = {isa = PBXBuildFile; fileRef = 77840C3D1C037F0B0099A69F /* iPhone_1UITests.m */; };
/* End PBXBuildFile section */

/* Begin PBXContainerItemProxy section */
		77840C2F1C037F0B0099A69F /* PBXContainerItemProxy */ = {
			isa = PBXContainerItemProxy;
			containerPortal = 77840C0D1C037F0A0099A69F /* Project object */;
			proxyType = 1;
			remoteGlobalIDString = 77840C141C037F0A0099A69F;
			remoteInfo = iPhone_1;
		};
		77840C3A1C037F0B0099A69F /* PBXContainerItemProxy */ = {
			isa = PBXContainerItemProxy;
			containerPortal = 77840C0D1C037F0A0099A69F /* Project object */;
			proxyType = 1;
			remoteGlobalIDString = 77840C141C037F0A0099A69F;
			remoteInfo = iPhone_1;
		};
/* End PBXContainerItemProxy section */

/* Begin PBXFileReference section */
		77840C151C037F0A0099A69F /* iPhone_1.app */ = {isa = PBXFileReference; explicitFileType = wrapper.application; includeInIndex = 0; path = iPhone_1.app; sourceTree = BUILT_PRODUCTS_DIR; };
		77840C191C037F0A0099A69F /* main.m */ = {isa = PBXFileReference; lastKnownFileType = sourcecode.c.objc; path = main.m; sourceTree = "<group>"; };
		77840C1B1C037F0A0099A69F /* AppDelegate.h */ = {isa = PBXFileReference; lastKnownFileType = sourcecode.c.h; path = AppDelegate.h; sourceTree = "<group>"; };
		77840C1C1C037F0A0099A69F /* AppDelegate.m */ = {isa = PBXFileReference; lastKnownFileType = sourcecode.c.objc; path = AppDelegate.m; sourceTree = "<group>"; };
		77840C1E1C037F0A0099A69F /* ViewController.h */ = {isa = PBXFileReference; lastKnownFileType = sourcecode.c.h; path = ViewController.h; sourceTree = "<group>"; };
		77840C1F1C037F0A0099A69F /* ViewController.m */ = {isa = PBXFileReference; lastKnownFileType = sourcecode.c.objc; path = ViewController.m; sourceTree = "<group>"; };
		77840C221C037F0A0099A69F /* Base */ = {isa = PBXFileReference; lastKnownFileType = file.storyboard; name = Base; path = Base.lproj/Main.storyboard; sourceTree = "<group>"; };
		77840C241C037F0A0099A69F /* Assets.xcassets */ = {isa = PBXFileReference; lastKnownFileType = folder.assetcatalog; path = Assets.xcassets; sourceTree = "<group>"; };
		77840C271C037F0A0099A69F /* Base */ = {isa = PBXFileReference; lastKnownFileType = file.storyboard; name = Base; path = Base.lproj/LaunchScreen.storyboard; sourceTree = "<group>"; };
		77840C291C037F0A0099A69F /* Info.plist */ = {isa = PBXFileReference; lastKnownFileType = text.plist.xml; path = Info.plist; sourceTree = "<group>"; };
		77840C2E1C037F0B0099A69F /* iPhone_1Tests.xctest */ = {isa = PBXFileReference; explicitFileType = wrapper.cfbundle; includeInIndex = 0; path = iPhone_1Tests.xctest; sourceTree = BUILT_PRODUCTS_DIR; };
		77840C321C037F0B0099A69F /* iPhone_1Tests.m */ = {isa = PBXFileReference; lastKnownFileType = sourcecode.c.objc; path = iPhone_1Tests.m; sourceTree = "<group>"; };
		77840C341C037F0B0099A69F /* Info.plist */ = {isa = PBXFileReference; lastKnownFileType = text.plist.xml; path = Info.plist; sourceTree = "<group>"; };
		77840C391C037F0B0099A69F /* iPhone_1UITests.xctest */ = {isa = PBXFileReference; explicitFileType = wrapper.cfbundle; includeInIndex = 0; path = iPhone_1UITests.xctest; sourceTree = BUILT_PRODUCTS_DIR; };
		77840C3D1C037F0B0099A69F /* iPhone_1UITests.m */ = {isa = PBXFileReference; lastKnownFileType = sourcecode.c.objc; path = iPhone_1UITests.m; sourceTree = "<group>"; };
		77840C3F1C037F0B0099A69F /* Info.plist */ = {isa = PBXFileReference; lastKnownFileType = text.plist.xml; path = Info.plist; sourceTree = "<group>"; };
/* End PBXFileReference section */

/* Begin PBXFrameworksBuildPhase section */
		77840C121C037F0A0099A69F /* Frameworks */ = {
			isa = PBXFrameworksBuildPhase;
			buildActionMask = 2147483647;
			files = (
			);
			runOnlyForDeploymentPostprocessing = 0;
		};
		77840C2B1C037F0B0099A69F /* Frameworks */ = {
			isa = PBXFrameworksBuildPhase;
			buildActionMask = 2147483647;
			files = (
			);
			runOnlyForDeploymentPostprocessing = 0;
		};
		77840C361C037F0B0099A69F /* Frameworks */ = {
			isa = PBXFrameworksBuildPhase;
			buildActionMask = 2147483647;
			files = (
			);
			runOnlyForDeploymentPostprocessing = 0;
		};
/* End PBXFrameworksBuildPhase section */

/* Begin PBXGroup section */
		77840C0C1C037F0A0099A69F = {
			isa = PBXGroup;
			children = (
				77840C171C037F0A0099A69F /* iPhone_1 */,
				77840C311C037F0B0099A69F /* iPhone_1Tests */,
				77840C3C1C037F0B0099A69F /* iPhone_1UITests */,
				77840C161C037F0A0099A69F /* Products */,
			);
			sourceTree = "<group>";
		};
		77840C161C037F0A0099A69F /* Products */ = {
			isa = PBXGroup;
			children = (
				77840C151C037F0A0099A69F /* iPhone_1.app */,
				77840C2E1C037F0B0099A69F /* iPhone_1Tests.xctest */,
				77840C391C037F0B0099A69F /* iPhone_1UITests.xctest */,
			);
			name = Products;
			sourceTree = "<group>";
		};
		77840C171C037F0A0099A69F /* iPhone_1 */ = {
			isa = PBXGroup;
			children = (
				77840C1B1C037F0A0099A69F /* AppDelegate.h */,
				77840C1C1C037F0A0099A69F /* AppDelegate.m */,
				77840C1E1C037F0A0099A69F /* ViewController.h */,
				77840C1F1C037F0A0099A69F /* ViewController.m */,
				77840C211C037F0A0099A69F /* Main.storyboard */,
				77840C241C037F0A0099A69F /* Assets.xcassets */,
				77840C261C037F0A0099A69F /* LaunchScreen.storyboard */,
				77840C291C037F0A0099A69F /* Info.plist */,
				77840C181C037F0A0099A69F /* Supporting Files */,
			);
			path = iPhone_1;
			sourceTree = "<group>";
		};
		77840C181C037F0A0099A69F /* Supporting Files */ = {
			isa = PBXGroup;
			children = (
				77840C191C037F0A0099A69F /* main.m */,
			);
			name = "Supporting Files";
			sourceTree = "<group>";
		};
		77840C311C037F0B0099A69F /* iPhone_1Tests */ = {
			isa = PBXGroup;
			children = (
				77840C321C037F0B0099A69F /* iPhone_1Tests.m */,
				77840C341C037F0B0099A69F /* Info.plist */,
			);
			path = iPhone_1Tests;
			sourceTree = "<group>";
		};
		77840C3C1C037F0B0099A69F /* iPhone_1UITests */ = {
			isa = PBXGroup;
			children = (
				77840C3D1C037F0B0099A69F /* iPhone_1UITests.m */,
				77840C3F1C037F0B0099A69F /* Info.plist */,
			);
			path = iPhone_1UITests;
			sourceTree = "<group>";
		};
/* End PBXGroup section */

/* Begin PBXNativeTarget section */
		77840C141C037F0A0099A69F /* iPhone_1 */ = {
			isa = PBXNativeTarget;
			buildConfigurationList = 77840C421C037F0B0099A69F /* Build configuration list for PBXNativeTarget "iPhone_1" */;
			buildPhases = (
				77840C111C037F0A0099A69F /* Sources */,
				77840C121C037F0A0099A69F /* Frameworks */,
				77840C131C037F0A0099A69F /* Resources */,
			);
			buildRules = (
			);
			dependencies = (
			);
			name = iPhone_1;
			productName = iPhone_1;
			productReference = 77840C151C037F0A0099A69F /* iPhone_1.app */;
			productType = "com.apple.product-type.application";
		};
		77840C2D1C037F0B0099A69F /* iPhone_1Tests */ = {
			isa = PBXNativeTarget;
			buildConfigurationList = 77840C451C037F0B0099A69F /* Build configuration list for PBXNativeTarget "iPhone_1Tests" */;
			buildPhases = (
				77840C2A1C037F0B0099A69F /* Sources */,
				77840C2B1C037F0B0099A69F /* Frameworks */,
				77840C2C1C037F0B0099A69F /* Resources */,
			);
			buildRules = (
			);
			dependencies = (
				77840C301C037F0B0099A69F /* PBXTargetDependency */,
			);
			name = iPhone_1Tests;
			productName = iPhone_1Tests;
			productReference = 77840C2E1C037F0B0099A69F /* iPhone_1Tests.xctest */;
			productType = "com.apple.product-type.bundle.unit-test";
		};
		77840C381C037F0B0099A69F /* iPhone_1UITests */ = {
			isa = PBXNativeTarget;
			buildConfigurationList = 77840C481C037F0B0099A69F /* Build configuration list for PBXNativeTarget "iPhone_1UITests" */;
			buildPhases = (
				77840C351C037F0B0099A69F /* Sources */,
				77840C361C037F0B0099A69F /* Frameworks */,
				77840C371C037F0B0099A69F /* Resources */,
			);
			buildRules = (
			);
			dependencies = (
				77840C3B1C037F0B0099A69F /* PBXTargetDependency */,
			);
			name = iPhone_1UITests;
			productName = iPhone_1UITests;
			productReference = 77840C391C037F0B0099A69F /* iPhone_1UITests.xctest */;
			productType = "com.apple.product-type.bundle.ui-testing";
		};
/* End PBXNativeTarget section */

/* Begin PBXProject section */
		77840C0D1C037F0A0099A69F /* Project object */ = {
			isa = PBXProject;
			attributes = {
				LastUpgradeCheck = 0710;
				ORGANIZATIONNAME = "Axel Han";
				TargetAttributes = {
					77840C141C037F0A0099A69F = {
						CreatedOnToolsVersion = 7.1.1;
						DevelopmentTeam = 225F6NXZNL;
					};
					77840C2D1C037F0B0099A69F = {
						CreatedOnToolsVersion = 7.1.1;
						TestTargetID = 77840C141C037F0A0099A69F;
					};
					77840C381C037F0B0099A69F = {
						CreatedOnToolsVersion = 7.1.1;
						TestTargetID = 77840C141C037F0A0099A69F;
					};
				};
			};
			buildConfigurationList = 77840C101C037F0A0099A69F /* Build configuration list for PBXProject "iPhone_1" */;
			compatibilityVersion = "Xcode 3.2";
			developmentRegion = English;
			hasScannedForEncodings = 0;
			knownRegions = (
				en,
				Base,
			);
			mainGroup = 77840C0C1C037F0A0099A69F;
			productRefGroup = 77840C161C037F0A0099A69F /* Products */;
			projectDirPath = "";
			projectRoot = "";
			targets = (
				77840C141C037F0A0099A69F /* iPhone_1 */,
				77840C2D1C037F0B0099A69F /* iPhone_1Tests */,
				77840C381C037F0B0099A69F /* iPhone_1UITests */,
			);
		};
/* End PBXProject section */

/* Begin PBXResourcesBuildPhase section */
		77840C131C037F0A0099A69F /* Resources */ = {
			isa = PBXResourcesBuildPhase;
			buildActionMask = 2147483647;
			files = (
				77840C281C037F0A0099A69F /* LaunchScreen.storyboard in Resources */,
				77840C251C037F0A0099A69F /* Assets.xcassets in Resources */,
				77840C231C037F0A0099A69F /* Main.storyboard in Resources */,
			);
			runOnlyForDeploymentPostprocessing = 0;
		};
		77840C2C1C037F0B0099A69F /* Resources */ = {
			isa = PBXResourcesBuildPhase;
			buildActionMask = 2147483647;
			files = (
			);
			runOnlyForDeploymentPostprocessing = 0;
		};
		77840C371C037F0B0099A69F /* Resources */ = {
			isa = PBXResourcesBuildPhase;
			buildActionMask = 2147483647;
			files = (
			);
			runOnlyForDeploymentPostprocessing = 0;
		};
/* End PBXResourcesBuildPhase section */

/* Begin PBXSourcesBuildPhase section */
		77840C111C037F0A0099A69F /* Sources */ = {
			isa = PBXSourcesBuildPhase;
			buildActionMask = 2147483647;
			files = (
				77840C201C037F0A0099A69F /* ViewController.m in Sources */,
				77840C1D1C037F0A0099A69F /* AppDelegate.m in Sources */,
				77840C1A1C037F0A0099A69F /* main.m in Sources */,
			);
			runOnlyForDeploymentPostprocessing = 0;
		};
		77840C2A1C037F0B0099A69F /* Sources */ = {
			isa = PBXSourcesBuildPhase;
			buildActionMask = 2147483647;
			files = (
				77840C331C037F0B0099A69F /* iPhone_1Tests.m in Sources */,
			);
			runOnlyForDeploymentPostprocessing = 0;
		};
		77840C351C037F0B0099A69F /* Sources */ = {
			isa = PBXSourcesBuildPhase;
			buildActionMask = 2147483647;
			files = (
				77840C3E1C037F0B0099A69F /* iPhone_1UITests.m in Sources */,
			);
			runOnlyForDeploymentPostprocessing = 0;
		};
/* End PBXSourcesBuildPhase section */

/* Begin PBXTargetDependency section */
		77840C301C037F0B0099A69F /* PBXTargetDependency */ = {
			isa = PBXTargetDependency;
			target = 77840C141C037F0A0099A69F /* iPhone_1 */;
			targetProxy = 77840C2F1C037F0B0099A69F /* PBXContainerItemProxy */;
		};
		77840C3B1C037F0B0099A69F /* PBXTargetDependency */ = {
			isa = PBXTargetDependency;
			target = 77840C141C037F0A0099A69F /* iPhone_1 */;
			targetProxy = 77840C3A1C037F0B0099A69F /* PBXContainerItemProxy */;
		};
/* End PBXTargetDependency section */

/* Begin PBXVariantGroup section */
		77840C211C037F0A0099A69F /* Main.storyboard */ = {
			isa = PBXVariantGroup;
			children = (
				77840C221C037F0A0099A69F /* Base */,
			);
			name = Main.storyboard;
			sourceTree = "<group>";
		};
		77840C261C037F0A0099A69F /* LaunchScreen.storyboard */ = {
			isa = PBXVariantGroup;
			children = (
				77840C271C037F0A0099A69F /* Base */,
			);
			name = LaunchScreen.storyboard;
			sourceTree = "<group>";
		};
/* End PBXVariantGroup section */

/* Begin XCBuildConfiguration section */
		77840C401C037F0B0099A69F /* Debug */ = {
			isa = XCBuildConfiguration;
			buildSettings = {
				ALWAYS_SEARCH_USER_PATHS = NO;
				CLANG_CXX_LANGUAGE_STANDARD = "gnu++0x";
				CLANG_CXX_LIBRARY = "libc++";
				CLANG_ENABLE_MODULES = YES;
				CLANG_ENABLE_OBJC_ARC = YES;
				CLANG_WARN_BOOL_CONVERSION = YES;
				CLANG_WARN_CONSTANT_CONVERSION = YES;
				CLANG_WARN_DIRECT_OBJC_ISA_USAGE = YES_ERROR;
				CLANG_WARN_EMPTY_BODY = YES;
				CLANG_WARN_ENUM_CONVERSION = YES;
				CLANG_WARN_INT_CONVERSION = YES;
				CLANG_WARN_OBJC_ROOT_CLASS = YES_ERROR;
				CLANG_WARN_UNREACHABLE_CODE = YES;
				CLANG_WARN__DUPLICATE_METHOD_MATCH = YES;
				"CODE_SIGN_IDENTITY[sdk=iphoneos*]" = "iPhone Developer";
				COPY_PHASE_STRIP = NO;
				DEBUG_INFORMATION_FORMAT = dwarf;
				ENABLE_STRICT_OBJC_MSGSEND = YES;
				ENABLE_TESTABILITY = YES;
				GCC_C_LANGUAGE_STANDARD = gnu99;
				GCC_DYNAMIC_NO_PIC = NO;
				GCC_NO_COMMON_BLOCKS = YES;
				GCC_OPTIMIZATION_LEVEL = 0;
				GCC_PREPROCESSOR_DEFINITIONS = (
					"DEBUG=1",
					"$(inherited)",
				);
				GCC_WARN_64_TO_32_BIT_CONVERSION = YES;
				GCC_WARN_ABOUT_RETURN_TYPE = YES_ERROR;
				GCC_WARN_UNDECLARED_SELECTOR = YES;
				GCC_WARN_UNINITIALIZED_AUTOS = YES_AGGRESSIVE;
				GCC_WARN_UNUSED_FUNCTION = YES;
				GCC_WARN_UNUSED_VARIABLE = YES;
				IPHONEOS_DEPLOYMENT_TARGET = 9.1;
				MTL_ENABLE_DEBUG_INFO = YES;
				ONLY_ACTIVE_ARCH = YES;
				SDKROOT = iphoneos;
			};
			name = Debug;
		};
		77840C411C037F0B0099A69F /* Release */ = {
			isa = XCBuildConfiguration;
			buildSettings = {
				ALWAYS_SEARCH_USER_PATHS = NO;
				CLANG_CXX_LANGUAGE_STANDARD = "gnu++0x";
				CLANG_CXX_LIBRARY = "libc++";
				CLANG_ENABLE_MODULES = YES;
				CLANG_ENABLE_OBJC_ARC = YES;
				CLANG_WARN_BOOL_CONVERSION = YES;
				CLANG_WARN_CONSTANT_CONVERSION = YES;
				CLANG_WARN_DIRECT_OBJC_ISA_USAGE = YES_ERROR;
				CLANG_WARN_EMPTY_BODY = YES;
				CLANG_WARN_ENUM_CONVERSION = YES;
				CLANG_WARN_INT_CONVERSION = YES;
				CLANG_WARN_OBJC_ROOT_CLASS = YES_ERROR;
				CLANG_WARN_UNREACHABLE_CODE = YES;
				CLANG_WARN__DUPLICATE_METHOD_MATCH = YES;
				"CODE_SIGN_IDENTITY[sdk=iphoneos*]" = "iPhone Developer";
				COPY_PHASE_STRIP = NO;
				DEBUG_INFORMATION_FORMAT = "dwarf-with-dsym";
				ENABLE_NS_ASSERTIONS = NO;
				ENABLE_STRICT_OBJC_MSGSEND = YES;
				GCC_C_LANGUAGE_STANDARD = gnu99;
				GCC_NO_COMMON_BLOCKS = YES;
				GCC_WARN_64_TO_32_BIT_CONVERSION = YES;
				GCC_WARN_ABOUT_RETURN_TYPE = YES_ERROR;
				GCC_WARN_UNDECLARED_SELECTOR = YES;
				GCC_WARN_UNINITIALIZED_AUTOS = YES_AGGRESSIVE;
				GCC_WARN_UNUSED_FUNCTION = YES;
				GCC_WARN_UNUSED_VARIABLE = YES;
				IPHONEOS_DEPLOYMENT_TARGET = 9.1;
				MTL_ENABLE_DEBUG_INFO = NO;
				SDKROOT = iphoneos;
				VALIDATE_PRODUCT = YES;
			};
			name = Release;
		};
		77840C431C037F0B0099A69F /* Debug */ = {
			isa = XCBuildConfiguration;
			buildSettings = {
				ASSETCATALOG_COMPILER_APPICON_NAME = AppIcon;
				CODE_SIGN_IDENTITY = "iPhone Developer";
				"CODE_SIGN_IDENTITY[sdk=iphoneos*]" = "iPhone Developer";
				INFOPLIST_FILE = iPhone_1/Info.plist;
				LD_RUNPATH_SEARCH_PATHS = "$(inherited) @executable_path/Frameworks";
				PRODUCT_BUNDLE_IDENTIFIER = "Axel-Han.iPhone-1";
				PRODUCT_NAME = "$(TARGET_NAME)";
				PROVISIONING_PROFILE = "";
				TARGETED_DEVICE_FAMILY = 1;
			};
			name = Debug;
		};
		77840C441C037F0B0099A69F /* Release */ = {
			isa = XCBuildConfiguration;
			buildSettings = {
				ASSETCATALOG_COMPILER_APPICON_NAME = AppIcon;
				CODE_SIGN_IDENTITY = "iPhone Developer";
				"CODE_SIGN_IDENTITY[sdk=iphoneos*]" = "iPhone Developer";
				INFOPLIST_FILE = iPhone_1/Info.plist;
				LD_RUNPATH_SEARCH_PATHS = "$(inherited) @executable_path/Frameworks";
				PRODUCT_BUNDLE_IDENTIFIER = "Axel-Han.iPhone-1";
				PRODUCT_NAME = "$(TARGET_NAME)";
				PROVISIONING_PROFILE = "";
				TARGETED_DEVICE_FAMILY = 1;
			};
			name = Release;
		};
		77840C461C037F0B0099A69F /* Debug */ = {
			isa = XCBuildConfiguration;
			buildSettings = {
				BUNDLE_LOADER = "$(TEST_HOST)";
				INFOPLIST_FILE = iPhone_1Tests/Info.plist;
				LD_RUNPATH_SEARCH_PATHS = "$(inherited) @executable_path/Frameworks @loader_path/Frameworks";
				PRODUCT_BUNDLE_IDENTIFIER = "Axel-Han.iPhone-1Tests";
				PRODUCT_NAME = "$(TARGET_NAME)";
				TEST_HOST = "$(BUILT_PRODUCTS_DIR)/iPhone_1.app/iPhone_1";
			};
			name = Debug;
		};
		77840C471C037F0B0099A69F /* Release */ = {
			isa = XCBuildConfiguration;
			buildSettings = {
				BUNDLE_LOADER = "$(TEST_HOST)";
				INFOPLIST_FILE = iPhone_1Tests/Info.plist;
				LD_RUNPATH_SEARCH_PATHS = "$(inherited) @executable_path/Frameworks @loader_path/Frameworks";
				PRODUCT_BUNDLE_IDENTIFIER = "Axel-Han.iPhone-1Tests";
				PRODUCT_NAME = "$(TARGET_NAME)";
				TEST_HOST = "$(BUILT_PRODUCTS_DIR)/iPhone_1.app/iPhone_1";
			};
			name = Release;
		};
		77840C491C037F0B0099A69F /* Debug */ = {
			isa = XCBuildConfiguration;
			buildSettings = {
				INFOPLIST_FILE = iPhone_1UITests/Info.plist;
				LD_RUNPATH_SEARCH_PATHS = "$(inherited) @executable_path/Frameworks @loader_path/Frameworks";
				PRODUCT_BUNDLE_IDENTIFIER = "Axel-Han.iPhone-1UITests";
				PRODUCT_NAME = "$(TARGET_NAME)";
				TEST_TARGET_NAME = iPhone_1;
				USES_XCTRUNNER = YES;
			};
			name = Debug;
		};
		77840C4A1C037F0B0099A69F /* Release */ = {
			isa = XCBuildConfiguration;
			buildSettings = {
				INFOPLIST_FILE = iPhone_1UITests/Info.plist;
				LD_RUNPATH_SEARCH_PATHS = "$(inherited) @executable_path/Frameworks @loader_path/Frameworks";
				PRODUCT_BUNDLE_IDENTIFIER = "Axel-Han.iPhone-1UITests";
				PRODUCT_NAME = "$(TARGET_NAME)";
				TEST_TARGET_NAME = iPhone_1;
				USES_XCTRUNNER = YES;
			};
			name = Release;
		};
/* End XCBuildConfiguration section */

/* Begin XCConfigurationList section */
		77840C101C037F0A0099A69F /* Build configuration list for PBXProject "iPhone_1" */ = {
			isa = XCConfigurationList;
			buildConfigurations = (
				77840C401C037F0B0099A69F /* Debug */,
				77840C411C037F0B0099A69F /* Release */,
			);
			defaultConfigurationIsVisible = 0;
			defaultConfigurationName = Release;
		};
		77840C421C037F0B0099A69F /* Build configuration list for PBXNativeTarget "iPhone_1" */ = {
			isa = XCConfigurationList;
			buildConfigurations = (
				77840C431C037F0B0099A69F /* Debug */,
				77840C441C037F0B0099A69F /* Release */,
			);
			defaultConfigurationIsVisible = 0;
		};
		77840C451C037F0B0099A69F /* Build configuration list for PBXNativeTarget "iPhone_1Tests" */ = {
			isa = XCConfigurationList;
			buildConfigurations = (
				77840C461C037F0B0099A69F /* Debug */,
				77840C471C037F0B0099A69F /* Release */,
			);
			defaultConfigurationIsVisible = 0;
		};
		77840C481C037F0B0099A69F /* Build configuration list for PBXNativeTarget "iPhone_1UITests" */ = {
			isa = XCConfigurationList;
			buildConfigurations = (
				77840C491C037F0B0099A69F /* Debug */,
				77840C4A1C037F0B0099A69F /* Release */,
			);
			defaultConfigurationIsVisible = 0;
		};
/* End XCConfigurationList section */
	};
	rootObject = 77840C0D1C037F0A0099A69F /* Project object */;
}
